// !$*UTF8*$!
{
	archiveVersion = 1;
	classes = {
	};
	objectVersion = 77;
	objects = {

/* Begin PBXBuildFile section */
		3A6771433027E9B500F40A8A /* AppDelegate.swift in Sources */ = {isa = PBXBuildFile; fileRef = 3A6771423027E9B500F40A8A /* AppDelegate.swift */; };
		3A6771473027E9B500F40A8A /* Main.html in Resources */ = {isa = PBXBuildFile; fileRef = 3A6771453027E9B500F40A8A /* Main.html */; };
		3A6771493027E9B500F40A8A /* Icon.png in Resources */ = {isa = PBXBuildFile; fileRef = 3A6771483027E9B500F40A8A /* Icon.png */; };
		3A67714B3027E9B500F40A8A /* Style.css in Resources */ = {isa = PBXBuildFile; fileRef = 3A67714A3027E9B500F40A8A /* Style.css */; };
		3A67714D3027E9B500F40A8A /* SceneDelegate.swift in Sources */ = {isa = PBXBuildFile; fileRef = 3A67714C3027E9B500F40A8A /* SceneDelegate.swift */; };
		3A67714F3027E9B500F40A8A /* ViewController.swift in Sources */ = {isa = PBXBuildFile; fileRef = 3A67714E3027E9B500F40A8A /* ViewController.swift */; };
		3A6771523027E9B500F40A8A /* LaunchScreen.storyboard in Resources */ = {isa = PBXBuildFile; fileRef = 3A6771503027E9B500F40A8A /* LaunchScreen.storyboard */; };
		3A6771553027E9B500F40A8A /* Main.storyboard in Resources */ = {isa = PBXBuildFile; fileRef = 3A6771533027E9B500F40A8A /* Main.storyboard */; };
		3A67715D3027E9B600F40A8A /* Bagged Extension.appex in Embed Foundation Extensions */ = {isa = PBXBuildFile; fileRef = 3A67715C3027E9B600F40A8A /* Bagged Extension.appex */; settings = {ATTRIBUTES = (RemoveHeadersOnCopy, ); }; };
		3A6771623027E9B600F40A8A /* SafariWebExtensionHandler.swift in Sources */ = {isa = PBXBuildFile; fileRef = 3A6771613027E9B600F40A8A /* SafariWebExtensionHandler.swift */; };
		3A6771643027E9B600F40A8A /* Assets.xcassets in Resources */ = {isa = PBXBuildFile; fileRef = 3A6771563027E9B600F40A8A /* Assets.xcassets */; };
		3A6771753027E9B600F40A8A /* Icon.png in Resources */ = {isa = PBXBuildFile; fileRef = 3A67716F3027E9B600F40A8A /* Icon.png */; };
		3A6771763027E9B600F40A8A /* popup.js in Resources */ = {isa = PBXBuildFile; fileRef = 3A6771703027E9B600F40A8A /* popup.js */; };
		3A6771773027E9B600F40A8A /* background.js in Resources */ = {isa = PBXBuildFile; fileRef = 3A6771713027E9B600F40A8A /* background.js */; };
		3A6771783027E9B600F40A8A /* popup.html in Resources */ = {isa = PBXBuildFile; fileRef = 3A6771723027E9B600F40A8A /* popup.html */; };
		3A6771793027E9B600F40A8A /* manifest.json in Resources */ = {isa = PBXBuildFile; fileRef = 3A6771733027E9B600F40A8A /* manifest.json */; };
		3A67717A3027E9B600F40A8A /* content.js in Resources */ = {isa = PBXBuildFile; fileRef = 3A6771743027E9B600F40A8A /* content.js */; };
/* End PBXBuildFile section */

/* Begin PBXContainerItemProxy section */
		3A67715E3027E9B600F40A8A /* PBXContainerItemProxy */ = {
			isa = PBXContainerItemProxy;
			containerPortal = 3A6771373027E9B500F40A8A /* Project object */;
			proxyType = 1;
			remoteGlobalIDString = 3A67715B3027E9B600F40A8A;
			remoteInfo = "Bagged Extension";
		};
/* End PBXContainerItemProxy section */

/* Begin PBXCopyFilesBuildPhase section */
		3A67716A3027E9B600F40A8A /* Embed Foundation Extensions */ = {
			isa = PBXCopyFilesBuildPhase;
			buildActionMask = 2147483647;
			dstPath = "";
			dstSubfolderSpec = 13;
			files = (
				3A67715D3027E9B600F40A8A /* Bagged Extension.appex in Embed Foundation Extensions */,
			);
			name = "Embed Foundation Extensions";
			runOnlyForDeploymentPostprocessing = 0;
		};
/* End PBXCopyFilesBuildPhase section */

/* Begin PBXFileReference section */
		3A67713F3027E9B500F40A8A /* Bagged.app */ = {isa = PBXFileReference; explicitFileType = wrapper.application; includeInIndex = 0; path = Bagged.app; sourceTree = BUILT_PRODUCTS_DIR; };
		3A6771423027E9B500F40A8A /* AppDelegate.swift */ = {isa = PBXFileReference; lastKnownFileType = sourcecode.swift; path = AppDelegate.swift; sourceTree = "<group>"; };
		3A6771463027E9B500F40A8A /* Base */ = {isa = PBXFileReference; lastKnownFileType = text.html; name = Base; path = Base.lproj/Main.html; sourceTree = "<group>"; };
		3A6771483027E9B500F40A8A /* Icon.png */ = {isa = PBXFileReference; lastKnownFileType = image.png; path = Icon.png; sourceTree = "<group>"; };
		3A67714A3027E9B500F40A8A /* Style.css */ = {isa = PBXFileReference; lastKnownFileType = text.css; path = Style.css; sourceTree = "<group>"; };
		3A67714C3027E9B500F40A8A /* SceneDelegate.swift */ = {isa = PBXFileReference; lastKnownFileType = sourcecode.swift; path = SceneDelegate.swift; sourceTree = "<group>"; };
		3A67714E3027E9B500F40A8A /* ViewController.swift */ = {isa = PBXFileReference; lastKnownFileType = sourcecode.swift; path = ViewController.swift; sourceTree = "<group>"; };
		3A6771513027E9B500F40A8A /* Base */ = {isa = PBXFileReference; lastKnownFileType = file.storyboard; name = Base; path = Base.lproj/LaunchScreen.storyboard; sourceTree = "<group>"; };
		3A6771543027E9B500F40A8A /* Base */ = {isa = PBXFileReference; lastKnownFileType = file.storyboard; name = Base; path = Base.lproj/Main.storyboard; sourceTree = "<group>"; };
		3A6771563027E9B600F40A8A /* Assets.xcassets */ = {isa = PBXFileReference; lastKnownFileType = folder.assetcatalog; path = Assets.xcassets; sourceTree = "<group>"; };
		3A6771573027E9B600F40A8A /* Info.plist */ = {isa = PBXFileReference; lastKnownFileType = text.plist.xml; path = Info.plist; sourceTree = "<group>"; };
		3A67715C3027E9B600F40A8A /* Bagged Extension.appex */ = {isa = PBXFileReference; explicitFileType = "wrapper.app-extension"; includeInIndex = 0; path = "Bagged Extension.appex"; sourceTree = BUILT_PRODUCTS_DIR; };
		3A6771613027E9B600F40A8A /* SafariWebExtensionHandler.swift */ = {isa = PBXFileReference; lastKnownFileType = sourcecode.swift; path = SafariWebExtensionHandler.swift; sourceTree = "<group>"; };
		3A6771633027E9B600F40A8A /* Info.plist */ = {isa = PBXFileReference; lastKnownFileType = text.plist.xml; path = Info.plist; sourceTree = "<group>"; };
		3A67716F3027E9B600F40A8A /* Icon.png */ = {isa = PBXFileReference; lastKnownFileType = image.png; name = Icon.png; path = ../../extension/Icon.png; sourceTree = "<group>"; };
		3A6771703027E9B600F40A8A /* popup.js */ = {isa = PBXFileReference; lastKnownFileType = sourcecode.javascript; name = popup.js; path = ../../extension/popup.js; sourceTree = "<group>"; };
		3A6771713027E9B600F40A8A /* background.js */ = {isa = PBXFileReference; lastKnownFileType = sourcecode.javascript; name = background.js; path = ../../extension/background.js; sourceTree = "<group>"; };
		3A6771723027E9B600F40A8A /* popup.html */ = {isa = PBXFileReference; lastKnownFileType = text.html; name = popup.html; path = ../../extension/popup.html; sourceTree = "<group>"; };
		3A6771733027E9B600F40A8A /* manifest.json */ = {isa = PBXFileReference; lastKnownFileType = text.json; name = manifest.json; path = ../../extension/manifest.json; sourceTree = "<group>"; };
		3A6771743027E9B600F40A8A /* content.js */ = {isa = PBXFileReference; lastKnownFileType = sourcecode.javascript; name = content.js; path = ../../extension/content.js; sourceTree = "<group>"; };
/* End PBXFileReference section */

/* Begin PBXFrameworksBuildPhase section */
		3A67713C3027E9B500F40A8A /* Frameworks */ = {
			isa = PBXFrameworksBuildPhase;
			buildActionMask = 2147483647;
			files = (
			);
			runOnlyForDeploymentPostprocessing = 0;
		};
		3A6771593027E9B600F40A8A /* Frameworks */ = {
			isa = PBXFrameworksBuildPhase;
			buildActionMask = 2147483647;
			files = (
			);
			runOnlyForDeploymentPostprocessing = 0;
		};
/* End PBXFrameworksBuildPhase section */

/* Begin PBXGroup section */
		3A6771363027E9B500F40A8A = {
			isa = PBXGroup;
			children = (
				3A6771413027E9B500F40A8A /* Bagged */,
				3A6771603027E9B600F40A8A /* Bagged Extension */,
				3A6771403027E9B500F40A8A /* Products */,
			);
			sourceTree = "<group>";
		};
		3A6771403027E9B500F40A8A /* Products */ = {
			isa = PBXGroup;
			children = (
				3A67713F3027E9B500F40A8A /* Bagged.app */,
				3A67715C3027E9B600F40A8A /* Bagged Extension.appex */,
			);
			name = Products;
			sourceTree = "<group>";
		};
		3A6771413027E9B500F40A8A /* Bagged */ = {
			isa = PBXGroup;
			children = (
				3A6771423027E9B500F40A8A /* AppDelegate.swift */,
				3A67714C3027E9B500F40A8A /* SceneDelegate.swift */,
				3A67714E3027E9B500F40A8A /* ViewController.swift */,
				3A6771503027E9B500F40A8A /* LaunchScreen.storyboard */,
				3A6771533027E9B500F40A8A /* Main.storyboard */,
				3A6771563027E9B600F40A8A /* Assets.xcassets */,
				3A6771573027E9B600F40A8A /* Info.plist */,
				3A6771443027E9B500F40A8A /* Resources */,
			);
			path = Bagged;
			sourceTree = "<group>";
		};
		3A6771443027E9B500F40A8A /* Resources */ = {
			isa = PBXGroup;
			children = (
				3A6771453027E9B500F40A8A /* Main.html */,
				3A6771483027E9B500F40A8A /* Icon.png */,
				3A67714A3027E9B500F40A8A /* Style.css */,
			);
			path = Resources;
			sourceTree = "<group>";
		};
		3A6771603027E9B600F40A8A /* Bagged Extension */ = {
			isa = PBXGroup;
			children = (
				3A67716E3027E9B600F40A8A /* Resources */,
				3A6771613027E9B600F40A8A /* SafariWebExtensionHandler.swift */,
				3A6771633027E9B600F40A8A /* Info.plist */,
			);
			path = "Bagged Extension";
			sourceTree = "<group>";
		};
		3A67716E3027E9B600F40A8A /* Resources */ = {
			isa = PBXGroup;
			children = (
				3A67716F3027E9B600F40A8A /* Icon.png */,
				3A6771703027E9B600F40A8A /* popup.js */,
				3A6771713027E9B600F40A8A /* background.js */,
				3A6771723027E9B600F40A8A /* popup.html */,
				3A6771733027E9B600F40A8A /* manifest.json */,
				3A6771743027E9B600F40A8A /* content.js */,
			);
			name = Resources;
			path = "Bagged Extension";
			sourceTree = SOURCE_ROOT;
		};
/* End PBXGroup section */

/* Begin PBXNativeTarget section */
		3A67713E3027E9B500F40A8A /* Bagged */ = {
			isa = PBXNativeTarget;
			buildConfigurationList = 3A67716B3027E9B600F40A8A /* Build configuration list for PBXNativeTarget "Bagged" */;
			buildPhases = (
				3A67713B3027E9B500F40A8A /* Sources */,
				3A67713C3027E9B500F40A8A /* Frameworks */,
				3A67713D3027E9B500F40A8A /* Resources */,
				3A67716A3027E9B600F40A8A /* Embed Foundation Extensions */,
			);
			buildRules = (
			);
			dependencies = (
				3A67715F3027E9B600F40A8A /* PBXTargetDependency */,
			);
			name = Bagged;
			packageProductDependencies = (
			);
			productName = Bagged;
			productReference = 3A67713F3027E9B500F40A8A /* Bagged.app */;
			productType = "com.apple.product-type.application";
		};
		3A67715B3027E9B600F40A8A /* Bagged Extension */ = {
			isa = PBXNativeTarget;
			buildConfigurationList = 3A6771673027E9B600F40A8A /* Build configuration list for PBXNativeTarget "Bagged Extension" */;
			buildPhases = (
				3A6771583027E9B600F40A8A /* Sources */,
				3A6771593027E9B600F40A8A /* Frameworks */,
				3A67715A3027E9B600F40A8A /* Resources */,
			);
			buildRules = (
			);
			dependencies = (
			);
			name = "Bagged Extension";
			packageProductDependencies = (
			);
			productName = "Bagged Extension";
			productReference = 3A67715C3027E9B600F40A8A /* Bagged Extension.appex */;
			productType = "com.apple.product-type.app-extension";
		};
/* End PBXNativeTarget section */

/* Begin PBXProject section */
		3A6771373027E9B500F40A8A /* Project object */ = {
			isa = PBXProject;
			attributes = {
				BuildIndependentTargetsInParallel = 1;
				LastSwiftUpdateCheck = 2660;
				LastUpgradeCheck = 2660;
				TargetAttributes = {
					3A67713E3027E9B500F40A8A = {
						CreatedOnToolsVersion = 26.6;
					};
					3A67715B3027E9B600F40A8A = {
						CreatedOnToolsVersion = 26.6;
					};
				};
			};
			buildConfigurationList = 3A67713A3027E9B500F40A8A /* Build configuration list for PBXProject "Bagged" */;
			developmentRegion = en;
			hasScannedForEncodings = 0;
			knownRegions = (
				en,
				Base,
			);
			mainGroup = 3A6771363027E9B500F40A8A;
			minimizedProjectReferenceProxies = 1;
			preferredProjectObjectVersion = 77;
			productRefGroup = 3A6771403027E9B500F40A8A /* Products */;
			projectDirPath = "";
			projectRoot = "";
			targets = (
				3A67713E3027E9B500F40A8A /* Bagged */,
				3A67715B3027E9B600F40A8A /* Bagged Extension */,
			);
		};
/* End PBXProject section */

/* Begin PBXResourcesBuildPhase section */
		3A67713D3027E9B500F40A8A /* Resources */ = {
			isa = PBXResourcesBuildPhase;
			buildActionMask = 2147483647;
			files = (
				3A6771493027E9B500F40A8A /* Icon.png in Resources */,
				3A6771553027E9B500F40A8A /* Main.storyboard in Resources */,
				3A6771523027E9B500F40A8A /* LaunchScreen.storyboard in Resources */,
				3A6771473027E9B500F40A8A /* Main.html in Resources */,
				3A6771643027E9B600F40A8A /* Assets.xcassets in Resources */,
				3A67714B3027E9B500F40A8A /* Style.css in Resources */,
			);
			runOnlyForDeploymentPostprocessing = 0;
		};
		3A67715A3027E9B600F40A8A /* Resources */ = {
			isa = PBXResourcesBuildPhase;
			buildActionMask = 2147483647;
			files = (
				3A67717A3027E9B600F40A8A /* content.js in Resources */,
				3A6771753027E9B600F40A8A /* Icon.png in Resources */,
				3A6771783027E9B600F40A8A /* popup.html in Resources */,
				3A6771793027E9B600F40A8A /* manifest.json in Resources */,
				3A6771773027E9B600F40A8A /* background.js in Resources */,
				3A6771763027E9B600F40A8A /* popup.js in Resources */,
			);
			runOnlyForDeploymentPostprocessing = 0;
		};
/* End PBXResourcesBuildPhase section */

/* Begin PBXSourcesBuildPhase section */
		3A67713B3027E9B500F40A8A /* Sources */ = {
			isa = PBXSourcesBuildPhase;
			buildActionMask = 2147483647;
			files = (
				3A67714F3027E9B500F40A8A /* ViewController.swift in Sources */,
				3A6771433027E9B500F40A8A /* AppDelegate.swift in Sources */,
				3A67714D3027E9B500F40A8A /* SceneDelegate.swift in Sources */,
			);
			runOnlyForDeploymentPostprocessing = 0;
		};
		3A6771583027E9B600F40A8A /* Sources */ = {
			isa = PBXSourcesBuildPhase;
			buildActionMask = 2147483647;
			files = (
				3A6771623027E9B600F40A8A /* SafariWebExtensionHandler.swift in Sources */,
			);
			runOnlyForDeploymentPostprocessing = 0;
		};
/* End PBXSourcesBuildPhase section */

/* Begin PBXTargetDependency section */
		3A67715F3027E9B600F40A8A /* PBXTargetDependency */ = {
			isa = PBXTargetDependency;
			target = 3A67715B3027E9B600F40A8A /* Bagged Extension */;
			targetProxy = 3A67715E3027E9B600F40A8A /* PBXContainerItemProxy */;
		};
/* End PBXTargetDependency section */

/* Begin PBXVariantGroup section */
		3A6771453027E9B500F40A8A /* Main.html */ = {
			isa = PBXVariantGroup;
			children = (
				3A6771463027E9B500F40A8A /* Base */,
			);
			name = Main.html;
			sourceTree = "<group>";
		};
		3A6771503027E9B500F40A8A /* LaunchScreen.storyboard */ = {
			isa = PBXVariantGroup;
			children = (
				3A6771513027E9B500F40A8A /* Base */,
			);
			name = LaunchScreen.storyboard;
			sourceTree = "<group>";
		};
		3A6771533027E9B500F40A8A /* Main.storyboard */ = {
			isa = PBXVariantGroup;
			children = (
				3A6771543027E9B500F40A8A /* Base */,
			);
			name = Main.storyboard;
			sourceTree = "<group>";
		};
/* End PBXVariantGroup section */

/* Begin XCBuildConfiguration section */
		3A6771653027E9B600F40A8A /* Debug */ = {
			isa = XCBuildConfiguration;
			buildSettings = {
				ALWAYS_SEARCH_USER_PATHS = NO;
				ASSETCATALOG_COMPILER_GENERATE_SWIFT_ASSET_SYMBOL_EXTENSIONS = YES;
				CLANG_ANALYZER_NONNULL = YES;
				CLANG_ANALYZER_NUMBER_OBJECT_CONVERSION = YES_AGGRESSIVE;
				CLANG_CXX_LANGUAGE_STANDARD = "gnu++20";
				CLANG_ENABLE_MODULES = YES;
				CLANG_ENABLE_OBJC_ARC = YES;
				CLANG_ENABLE_OBJC_WEAK = YES;
				CLANG_WARN_BLOCK_CAPTURE_AUTORELEASING = YES;
				CLANG_WARN_BOOL_CONVERSION = YES;
				CLANG_WARN_COMMA = YES;
				CLANG_WARN_CONSTANT_CONVERSION = YES;
				CLANG_WARN_DEPRECATED_OBJC_IMPLEMENTATIONS = YES;
				CLANG_WARN_DIRECT_OBJC_ISA_USAGE = YES_ERROR;
				CLANG_WARN_DOCUMENTATION_COMMENTS = YES;
				CLANG_WARN_EMPTY_BODY = YES;
				CLANG_WARN_ENUM_CONVERSION = YES;
				CLANG_WARN_INFINITE_RECURSION = YES;
				CLANG_WARN_INT_CONVERSION = YES;
				CLANG_WARN_NON_LITERAL_NULL_CONVERSION = YES;
				CLANG_WARN_OBJC_IMPLICIT_RETAIN_SELF = YES;
				CLANG_WARN_OBJC_LITERAL_CONVERSION = YES;
				CLANG_WARN_OBJC_ROOT_CLASS = YES_ERROR;
				CLANG_WARN_QUOTED_INCLUDE_IN_FRAMEWORK_HEADER = YES;
				CLANG_WARN_RANGE_LOOP_ANALYSIS = YES;
				CLANG_WARN_STRICT_PROTOTYPES = YES;
				CLANG_WARN_SUSPICIOUS_MOVE = YES;
				CLANG_WARN_UNGUARDED_AVAILABILITY = YES_AGGRESSIVE;
				CLANG_WARN_UNREACHABLE_CODE = YES;
				CLANG_WARN__DUPLICATE_METHOD_MATCH = YES;
				COPY_PHASE_STRIP = NO;
				DEBUG_INFORMATION_FORMAT = dwarf;
				ENABLE_STRICT_OBJC_MSGSEND = YES;
				ENABLE_TESTABILITY = YES;
				ENABLE_USER_SCRIPT_SANDBOXING = YES;
				GCC_C_LANGUAGE_STANDARD = gnu17;
				GCC_DYNAMIC_NO_PIC = NO;
				GCC_NO_COMMON_BLOCKS = YES;
				GCC_OPTIMIZATION_LEVEL = 0;
				GCC_PREPROCESSOR_DEFINITIONS = (
					"DEBUG=1",
					"$(inherited)",
				);
				GCC_WARN_64_TO_32_BIT_CONVERSION = YES;
				GCC_WARN_ABOUT_RETURN_TYPE = YES_ERROR;
				GCC_WARN_UNDECLARED_SELECTOR = YES;
				GCC_WARN_UNINITIALIZED_AUTOS = YES_AGGRESSIVE;
				GCC_WARN_UNUSED_FUNCTION = YES;
				GCC_WARN_UNUSED_VARIABLE = YES;
				IPHONEOS_DEPLOYMENT_TARGET = 26.5;
				LOCALIZATION_PREFERS_STRING_CATALOGS = YES;
				MTL_ENABLE_DEBUG_INFO = INCLUDE_SOURCE;
				MTL_FAST_MATH = YES;
				ONLY_ACTIVE_ARCH = YES;
				SDKROOT = iphoneos;
				SWIFT_ACTIVE_COMPILATION_CONDITIONS = "DEBUG $(inherited)";
				SWIFT_OPTIMIZATION_LEVEL = "-Onone";
			};
			name = Debug;
		};
		3A6771663027E9B600F40A8A /* Release */ = {
			isa = XCBuildConfiguration;
			buildSettings = {
				ALWAYS_SEARCH_USER_PATHS = NO;
				ASSETCATALOG_COMPILER_GENERATE_SWIFT_ASSET_SYMBOL_EXTENSIONS = YES;
				CLANG_ANALYZER_NONNULL = YES;
				CLANG_ANALYZER_NUMBER_OBJECT_CONVERSION = YES_AGGRESSIVE;
				CLANG_CXX_LANGUAGE_STANDARD = "gnu++20";
				CLANG_ENABLE_MODULES = YES;
				CLANG_ENABLE_OBJC_ARC = YES;
				CLANG_ENABLE_OBJC_WEAK = YES;
				CLANG_WARN_BLOCK_CAPTURE_AUTORELEASING = YES;
				CLANG_WARN_BOOL_CONVERSION = YES;
				CLANG_WARN_COMMA = YES;
				CLANG_WARN_CONSTANT_CONVERSION = YES;
				CLANG_WARN_DEPRECATED_OBJC_IMPLEMENTATIONS = YES;
				CLANG_WARN_DIRECT_OBJC_ISA_USAGE = YES_ERROR;
				CLANG_WARN_DOCUMENTATION_COMMENTS = YES;
				CLANG_WARN_EMPTY_BODY = YES;
				CLANG_WARN_ENUM_CONVERSION = YES;
				CLANG_WARN_INFINITE_RECURSION = YES;
				CLANG_WARN_INT_CONVERSION = YES;
				CLANG_WARN_NON_LITERAL_NULL_CONVERSION = YES;
				CLANG_WARN_OBJC_IMPLICIT_RETAIN_SELF = YES;
				CLANG_WARN_OBJC_LITERAL_CONVERSION = YES;
				CLANG_WARN_OBJC_ROOT_CLASS = YES_ERROR;
				CLANG_WARN_QUOTED_INCLUDE_IN_FRAMEWORK_HEADER = YES;
				CLANG_WARN_RANGE_LOOP_ANALYSIS = YES;
				CLANG_WARN_STRICT_PROTOTYPES = YES;
				CLANG_WARN_SUSPICIOUS_MOVE = YES;
				CLANG_WARN_UNGUARDED_AVAILABILITY = YES_AGGRESSIVE;
				CLANG_WARN_UNREACHABLE_CODE = YES;
				CLANG_WARN__DUPLICATE_METHOD_MATCH = YES;
				COPY_PHASE_STRIP = NO;
				DEBUG_INFORMATION_FORMAT = "dwarf-with-dsym";
				ENABLE_NS_ASSERTIONS = NO;
				ENABLE_STRICT_OBJC_MSGSEND = YES;
				ENABLE_USER_SCRIPT_SANDBOXING = YES;
				GCC_C_LANGUAGE_STANDARD = gnu17;
				GCC_NO_COMMON_BLOCKS = YES;
				GCC_WARN_64_TO_32_BIT_CONVERSION = YES;
				GCC_WARN_ABOUT_RETURN_TYPE = YES_ERROR;
				GCC_WARN_UNDECLARED_SELECTOR = YES;
				GCC_WARN_UNINITIALIZED_AUTOS = YES_AGGRESSIVE;
				GCC_WARN_UNUSED_FUNCTION = YES;
				GCC_WARN_UNUSED_VARIABLE = YES;
				IPHONEOS_DEPLOYMENT_TARGET = 26.5;
				LOCALIZATION_PREFERS_STRING_CATALOGS = YES;
				MTL_ENABLE_DEBUG_INFO = NO;
				MTL_FAST_MATH = YES;
				SDKROOT = iphoneos;
				SWIFT_COMPILATION_MODE = wholemodule;
				VALIDATE_PRODUCT = YES;
			};
			name = Release;
		};
		3A6771683027E9B600F40A8A /* Debug */ = {
			isa = XCBuildConfiguration;
			buildSettings = {
				CODE_SIGN_STYLE = Automatic;
				CURRENT_PROJECT_VERSION = 1;
				GENERATE_INFOPLIST_FILE = YES;
				INFOPLIST_FILE = "Bagged Extension/Info.plist";
				INFOPLIST_KEY_CFBundleDisplayName = "Bagged Extension";
				INFOPLIST_KEY_NSHumanReadableCopyright = "";
				IPHONEOS_DEPLOYMENT_TARGET = 15.0;
				LD_RUNPATH_SEARCH_PATHS = (
					"$(inherited)",
					"@executable_path/Frameworks",
					"@executable_path/../../Frameworks",
				);
				MARKETING_VERSION = 1.0;
				OTHER_LDFLAGS = (
					"-framework",
					SafariServices,
				);
				PRODUCT_BUNDLE_IDENTIFIER = com.bagged.app.Extension;
				PRODUCT_NAME = "$(TARGET_NAME)";
				SKIP_INSTALL = YES;
				STRING_CATALOG_GENERATE_SYMBOLS = YES;
				SWIFT_APPROACHABLE_CONCURRENCY = YES;
				SWIFT_EMIT_LOC_STRINGS = YES;
				SWIFT_UPCOMING_FEATURE_MEMBER_IMPORT_VISIBILITY = YES;
				SWIFT_VERSION = 5.0;
				TARGETED_DEVICE_FAMILY = "1,2";
			};
			name = Debug;
		};
		3A6771693027E9B600F40A8A /* Release */ = {
			isa = XCBuildConfiguration;
			buildSettings = {
				CODE_SIGN_STYLE = Automatic;
				CURRENT_PROJECT_VERSION = 1;
				GENERATE_INFOPLIST_FILE = YES;
				INFOPLIST_FILE = "Bagged Extension/Info.plist";
				INFOPLIST_KEY_CFBundleDisplayName = "Bagged Extension";
				INFOPLIST_KEY_NSHumanReadableCopyright = "";
				IPHONEOS_DEPLOYMENT_TARGET = 15.0;
				LD_RUNPATH_SEARCH_PATHS = (
					"$(inherited)",
					"@executable_path/Frameworks",
					"@executable_path/../../Frameworks",
				);
				MARKETING_VERSION = 1.0;
				OTHER_LDFLAGS = (
					"-framework",
					SafariServices,
				);
				PRODUCT_BUNDLE_IDENTIFIER = com.bagged.app.Extension;
				PRODUCT_NAME = "$(TARGET_NAME)";
				SKIP_INSTALL = YES;
				STRING_CATALOG_GENERATE_SYMBOLS = YES;
				SWIFT_APPROACHABLE_CONCURRENCY = YES;
				SWIFT_EMIT_LOC_STRINGS = YES;
				SWIFT_UPCOMING_FEATURE_MEMBER_IMPORT_VISIBILITY = YES;
				SWIFT_VERSION = 5.0;
				TARGETED_DEVICE_FAMILY = "1,2";
			};
			name = Release;
		};
		3A67716C3027E9B600F40A8A /* Debug */ = {
			isa = XCBuildConfiguration;
			buildSettings = {
				ASSETCATALOG_COMPILER_APPICON_NAME = AppIcon;
				ASSETCATALOG_COMPILER_GLOBAL_ACCENT_COLOR_NAME = AccentColor;
				CODE_SIGN_STYLE = Automatic;
				CURRENT_PROJECT_VERSION = 1;
				GENERATE_INFOPLIST_FILE = YES;
				INFOPLIST_FILE = Bagged/Info.plist;
				INFOPLIST_KEY_CFBundleDisplayName = Bagged;
				INFOPLIST_KEY_UIApplicationSupportsIndirectInputEvents = YES;
				INFOPLIST_KEY_UILaunchStoryboardName = LaunchScreen;
				INFOPLIST_KEY_UIMainStoryboardFile = Main;
				INFOPLIST_KEY_UISupportedInterfaceOrientations_iPad = "UIInterfaceOrientationPortrait UIInterfaceOrientationPortraitUpsideDown UIInterfaceOrientationLandscapeLeft UIInterfaceOrientationLandscapeRight";
				INFOPLIST_KEY_UISupportedInterfaceOrientations_iPhone = "UIInterfaceOrientationPortrait UIInterfaceOrientationLandscapeLeft UIInterfaceOrientationLandscapeRight";
				IPHONEOS_DEPLOYMENT_TARGET = 15.0;
				LD_RUNPATH_SEARCH_PATHS = (
					"$(inherited)",
					"@executable_path/Frameworks",
				);
				MARKETING_VERSION = 1.0;
				OTHER_LDFLAGS = (
					"-framework",
					SafariServices,
					"-framework",
					WebKit,
				);
				PRODUCT_BUNDLE_IDENTIFIER = com.bagged.Bagged;
				PRODUCT_NAME = "$(TARGET_NAME)";
				STRING_CATALOG_GENERATE_SYMBOLS = YES;
				SWIFT_APPROACHABLE_CONCURRENCY = YES;
				SWIFT_DEFAULT_ACTOR_ISOLATION = MainActor;
				SWIFT_EMIT_LOC_STRINGS = YES;
				SWIFT_UPCOMING_FEATURE_MEMBER_IMPORT_VISIBILITY = YES;
				SWIFT_VERSION = 5.0;
				TARGETED_DEVICE_FAMILY = "1,2";
			};
			name = Debug;
		};
		3A67716D3027E9B600F40A8A /* Release */ = {
			isa = XCBuildConfiguration;
			buildSettings = {
				ASSETCATALOG_COMPILER_APPICON_NAME = AppIcon;
				ASSETCATALOG_COMPILER_GLOBAL_ACCENT_COLOR_NAME = AccentColor;
				CODE_SIGN_STYLE = Automatic;
				CURRENT_PROJECT_VERSION = 1;
				GENERATE_INFOPLIST_FILE = YES;
				INFOPLIST_FILE = Bagged/Info.plist;
				INFOPLIST_KEY_CFBundleDisplayName = Bagged;
				INFOPLIST_KEY_UIApplicationSupportsIndirectInputEvents = YES;
				INFOPLIST_KEY_UILaunchStoryboardName = LaunchScreen;
				INFOPLIST_KEY_UIMainStoryboardFile = Main;
				INFOPLIST_KEY_UISupportedInterfaceOrientations_iPad = "UIInterfaceOrientationPortrait UIInterfaceOrientationPortraitUpsideDown UIInterfaceOrientationLandscapeLeft UIInterfaceOrientationLandscapeRight";
				INFOPLIST_KEY_UISupportedInterfaceOrientations_iPhone = "UIInterfaceOrientationPortrait UIInterfaceOrientationLandscapeLeft UIInterfaceOrientationLandscapeRight";
				IPHONEOS_DEPLOYMENT_TARGET = 15.0;
				LD_RUNPATH_SEARCH_PATHS = (
					"$(inherited)",
					"@executable_path/Frameworks",
				);
				MARKETING_VERSION = 1.0;
				OTHER_LDFLAGS = (
					"-framework",
					SafariServices,
					"-framework",
					WebKit,
				);
				PRODUCT_BUNDLE_IDENTIFIER = com.bagged.Bagged;
				PRODUCT_NAME = "$(TARGET_NAME)";
				STRING_CATALOG_GENERATE_SYMBOLS = YES;
				SWIFT_APPROACHABLE_CONCURRENCY = YES;
				SWIFT_DEFAULT_ACTOR_ISOLATION = MainActor;
				SWIFT_EMIT_LOC_STRINGS = YES;
				SWIFT_UPCOMING_FEATURE_MEMBER_IMPORT_VISIBILITY = YES;
				SWIFT_VERSION = 5.0;
				TARGETED_DEVICE_FAMILY = "1,2";
			};
			name = Release;
		};
/* End XCBuildConfiguration section */

/* Begin XCConfigurationList section */
		3A67713A3027E9B500F40A8A /* Build configuration list for PBXProject "Bagged" */ = {
			isa = XCConfigurationList;
			buildConfigurations = (
				3A6771653027E9B600F40A8A /* Debug */,
				3A6771663027E9B600F40A8A /* Release */,
			);
			defaultConfigurationIsVisible = 0;
			defaultConfigurationName = Release;
		};
		3A6771673027E9B600F40A8A /* Build configuration list for PBXNativeTarget "Bagged Extension" */ = {
			isa = XCConfigurationList;
			buildConfigurations = (
				3A6771683027E9B600F40A8A /* Debug */,
				3A6771693027E9B600F40A8A /* Release */,
			);
			defaultConfigurationIsVisible = 0;
			defaultConfigurationName = Release;
		};
		3A67716B3027E9B600F40A8A /* Build configuration list for PBXNativeTarget "Bagged" */ = {
			isa = XCConfigurationList;
			buildConfigurations = (
				3A67716C3027E9B600F40A8A /* Debug */,
				3A67716D3027E9B600F40A8A /* Release */,
			);
			defaultConfigurationIsVisible = 0;
			defaultConfigurationName = Release;
		};
/* End XCConfigurationList section */
	};
	rootObject = 3A6771373027E9B500F40A8A /* Project object */;
}
