// !$*UTF8*$!
{
	archiveVersion = 1;
	classes = {
	};
	objectVersion = 77;
	objects = {

/* Begin PBXBuildFile section */
		3ADA197A3027E4540040FC92 /* AppDelegate.swift in Sources */ = {isa = PBXBuildFile; fileRef = 3ADA19793027E4540040FC92 /* AppDelegate.swift */; };
		3ADA197E3027E4540040FC92 /* Main.html in Resources */ = {isa = PBXBuildFile; fileRef = 3ADA197C3027E4540040FC92 /* Main.html */; };
		3ADA19803027E4540040FC92 /* Icon.png in Resources */ = {isa = PBXBuildFile; fileRef = 3ADA197F3027E4540040FC92 /* Icon.png */; };
		3ADA19823027E4540040FC92 /* Style.css in Resources */ = {isa = PBXBuildFile; fileRef = 3ADA19813027E4540040FC92 /* Style.css */; };
		3ADA19843027E4540040FC92 /* SceneDelegate.swift in Sources */ = {isa = PBXBuildFile; fileRef = 3ADA19833027E4540040FC92 /* SceneDelegate.swift */; };
		3ADA19863027E4540040FC92 /* ViewController.swift in Sources */ = {isa = PBXBuildFile; fileRef = 3ADA19853027E4540040FC92 /* ViewController.swift */; };
		3ADA19893027E4540040FC92 /* LaunchScreen.storyboard in Resources */ = {isa = PBXBuildFile; fileRef = 3ADA19873027E4540040FC92 /* LaunchScreen.storyboard */; };
		3ADA198C3027E4540040FC92 /* Main.storyboard in Resources */ = {isa = PBXBuildFile; fileRef = 3ADA198A3027E4540040FC92 /* Main.storyboard */; };
		3ADA19943027E4550040FC92 /* Bagged Extension.appex in Embed Foundation Extensions */ = {isa = PBXBuildFile; fileRef = 3ADA19933027E4550040FC92 /* Bagged Extension.appex */; settings = {ATTRIBUTES = (RemoveHeadersOnCopy, ); }; };
		3ADA19993027E4550040FC92 /* SafariWebExtensionHandler.swift in Sources */ = {isa = PBXBuildFile; fileRef = 3ADA19983027E4550040FC92 /* SafariWebExtensionHandler.swift */; };
		3ADA199B3027E4550040FC92 /* Assets.xcassets in Resources */ = {isa = PBXBuildFile; fileRef = 3ADA198D3027E4550040FC92 /* Assets.xcassets */; };
		3ADA19AC3027E4550040FC92 /* Icon.png in Resources */ = {isa = PBXBuildFile; fileRef = 3ADA19A63027E4550040FC92 /* Icon.png */; };
		3ADA19AD3027E4550040FC92 /* popup.js in Resources */ = {isa = PBXBuildFile; fileRef = 3ADA19A73027E4550040FC92 /* popup.js */; };
		3ADA19AE3027E4550040FC92 /* background.js in Resources */ = {isa = PBXBuildFile; fileRef = 3ADA19A83027E4550040FC92 /* background.js */; };
		3ADA19AF3027E4550040FC92 /* popup.html in Resources */ = {isa = PBXBuildFile; fileRef = 3ADA19A93027E4550040FC92 /* popup.html */; };
		3ADA19B03027E4550040FC92 /* manifest.json in Resources */ = {isa = PBXBuildFile; fileRef = 3ADA19AA3027E4550040FC92 /* manifest.json */; };
		3ADA19B13027E4550040FC92 /* content.js in Resources */ = {isa = PBXBuildFile; fileRef = 3ADA19AB3027E4550040FC92 /* content.js */; };
/* End PBXBuildFile section */

/* Begin PBXContainerItemProxy section */
		3ADA19953027E4550040FC92 /* PBXContainerItemProxy */ = {
			isa = PBXContainerItemProxy;
			containerPortal = 3ADA196E3027E4540040FC92 /* Project object */;
			proxyType = 1;
			remoteGlobalIDString = 3ADA19923027E4550040FC92;
			remoteInfo = "Bagged Extension";
		};
/* End PBXContainerItemProxy section */

/* Begin PBXCopyFilesBuildPhase section */
		3ADA19A13027E4550040FC92 /* Embed Foundation Extensions */ = {
			isa = PBXCopyFilesBuildPhase;
			buildActionMask = 2147483647;
			dstPath = "";
			dstSubfolderSpec = 13;
			files = (
				3ADA19943027E4550040FC92 /* Bagged Extension.appex in Embed Foundation Extensions */,
			);
			name = "Embed Foundation Extensions";
			runOnlyForDeploymentPostprocessing = 0;
		};
/* End PBXCopyFilesBuildPhase section */

/* Begin PBXFileReference section */
		3ADA19763027E4540040FC92 /* Bagged.app */ = {isa = PBXFileReference; explicitFileType = wrapper.application; includeInIndex = 0; path = Bagged.app; sourceTree = BUILT_PRODUCTS_DIR; };
		3ADA19793027E4540040FC92 /* AppDelegate.swift */ = {isa = PBXFileReference; lastKnownFileType = sourcecode.swift; path = AppDelegate.swift; sourceTree = "<group>"; };
		3ADA197D3027E4540040FC92 /* Base */ = {isa = PBXFileReference; lastKnownFileType = text.html; name = Base; path = Base.lproj/Main.html; sourceTree = "<group>"; };
		3ADA197F3027E4540040FC92 /* Icon.png */ = {isa = PBXFileReference; lastKnownFileType = image.png; path = Icon.png; sourceTree = "<group>"; };
		3ADA19813027E4540040FC92 /* Style.css */ = {isa = PBXFileReference; lastKnownFileType = text.css; path = Style.css; sourceTree = "<group>"; };
		3ADA19833027E4540040FC92 /* SceneDelegate.swift */ = {isa = PBXFileReference; lastKnownFileType = sourcecode.swift; path = SceneDelegate.swift; sourceTree = "<group>"; };
		3ADA19853027E4540040FC92 /* ViewController.swift */ = {isa = PBXFileReference; lastKnownFileType = sourcecode.swift; path = ViewController.swift; sourceTree = "<group>"; };
		3ADA19883027E4540040FC92 /* Base */ = {isa = PBXFileReference; lastKnownFileType = file.storyboard; name = Base; path = Base.lproj/LaunchScreen.storyboard; sourceTree = "<group>"; };
		3ADA198B3027E4540040FC92 /* Base */ = {isa = PBXFileReference; lastKnownFileType = file.storyboard; name = Base; path = Base.lproj/Main.storyboard; sourceTree = "<group>"; };
		3ADA198D3027E4550040FC92 /* Assets.xcassets */ = {isa = PBXFileReference; lastKnownFileType = folder.assetcatalog; path = Assets.xcassets; sourceTree = "<group>"; };
		3ADA198E3027E4550040FC92 /* Info.plist */ = {isa = PBXFileReference; lastKnownFileType = text.plist.xml; path = Info.plist; sourceTree = "<group>"; };
		3ADA19933027E4550040FC92 /* Bagged Extension.appex */ = {isa = PBXFileReference; explicitFileType = "wrapper.app-extension"; includeInIndex = 0; path = "Bagged Extension.appex"; sourceTree = BUILT_PRODUCTS_DIR; };
		3ADA19983027E4550040FC92 /* SafariWebExtensionHandler.swift */ = {isa = PBXFileReference; lastKnownFileType = sourcecode.swift; path = SafariWebExtensionHandler.swift; sourceTree = "<group>"; };
		3ADA199A3027E4550040FC92 /* Info.plist */ = {isa = PBXFileReference; lastKnownFileType = text.plist.xml; path = Info.plist; sourceTree = "<group>"; };
		3ADA19A63027E4550040FC92 /* Icon.png */ = {isa = PBXFileReference; lastKnownFileType = image.png; name = Icon.png; path = ../../extension/Icon.png; sourceTree = "<group>"; };
		3ADA19A73027E4550040FC92 /* popup.js */ = {isa = PBXFileReference; lastKnownFileType = sourcecode.javascript; name = popup.js; path = ../../extension/popup.js; sourceTree = "<group>"; };
		3ADA19A83027E4550040FC92 /* background.js */ = {isa = PBXFileReference; lastKnownFileType = sourcecode.javascript; name = background.js; path = ../../extension/background.js; sourceTree = "<group>"; };
		3ADA19A93027E4550040FC92 /* popup.html */ = {isa = PBXFileReference; lastKnownFileType = text.html; name = popup.html; path = ../../extension/popup.html; sourceTree = "<group>"; };
		3ADA19AA3027E4550040FC92 /* manifest.json */ = {isa = PBXFileReference; lastKnownFileType = text.json; name = manifest.json; path = ../../extension/manifest.json; sourceTree = "<group>"; };
		3ADA19AB3027E4550040FC92 /* content.js */ = {isa = PBXFileReference; lastKnownFileType = sourcecode.javascript; name = content.js; path = ../../extension/content.js; sourceTree = "<group>"; };
/* End PBXFileReference section */

/* Begin PBXFrameworksBuildPhase section */
		3ADA19733027E4540040FC92 /* Frameworks */ = {
			isa = PBXFrameworksBuildPhase;
			buildActionMask = 2147483647;
			files = (
			);
			runOnlyForDeploymentPostprocessing = 0;
		};
		3ADA19903027E4550040FC92 /* Frameworks */ = {
			isa = PBXFrameworksBuildPhase;
			buildActionMask = 2147483647;
			files = (
			);
			runOnlyForDeploymentPostprocessing = 0;
		};
/* End PBXFrameworksBuildPhase section */

/* Begin PBXGroup section */
		3ADA196D3027E4540040FC92 = {
			isa = PBXGroup;
			children = (
				3ADA19783027E4540040FC92 /* Bagged */,
				3ADA19973027E4550040FC92 /* Bagged Extension */,
				3ADA19773027E4540040FC92 /* Products */,
			);
			sourceTree = "<group>";
		};
		3ADA19773027E4540040FC92 /* Products */ = {
			isa = PBXGroup;
			children = (
				3ADA19763027E4540040FC92 /* Bagged.app */,
				3ADA19933027E4550040FC92 /* Bagged Extension.appex */,
			);
			name = Products;
			sourceTree = "<group>";
		};
		3ADA19783027E4540040FC92 /* Bagged */ = {
			isa = PBXGroup;
			children = (
				3ADA19793027E4540040FC92 /* AppDelegate.swift */,
				3ADA19833027E4540040FC92 /* SceneDelegate.swift */,
				3ADA19853027E4540040FC92 /* ViewController.swift */,
				3ADA19873027E4540040FC92 /* LaunchScreen.storyboard */,
				3ADA198A3027E4540040FC92 /* Main.storyboard */,
				3ADA198D3027E4550040FC92 /* Assets.xcassets */,
				3ADA198E3027E4550040FC92 /* Info.plist */,
				3ADA197B3027E4540040FC92 /* Resources */,
			);
			path = Bagged;
			sourceTree = "<group>";
		};
		3ADA197B3027E4540040FC92 /* Resources */ = {
			isa = PBXGroup;
			children = (
				3ADA197C3027E4540040FC92 /* Main.html */,
				3ADA197F3027E4540040FC92 /* Icon.png */,
				3ADA19813027E4540040FC92 /* Style.css */,
			);
			path = Resources;
			sourceTree = "<group>";
		};
		3ADA19973027E4550040FC92 /* Bagged Extension */ = {
			isa = PBXGroup;
			children = (
				3ADA19A53027E4550040FC92 /* Resources */,
				3ADA19983027E4550040FC92 /* SafariWebExtensionHandler.swift */,
				3ADA199A3027E4550040FC92 /* Info.plist */,
			);
			path = "Bagged Extension";
			sourceTree = "<group>";
		};
		3ADA19A53027E4550040FC92 /* Resources */ = {
			isa = PBXGroup;
			children = (
				3ADA19A63027E4550040FC92 /* Icon.png */,
				3ADA19A73027E4550040FC92 /* popup.js */,
				3ADA19A83027E4550040FC92 /* background.js */,
				3ADA19A93027E4550040FC92 /* popup.html */,
				3ADA19AA3027E4550040FC92 /* manifest.json */,
				3ADA19AB3027E4550040FC92 /* content.js */,
			);
			name = Resources;
			path = "Bagged Extension";
			sourceTree = SOURCE_ROOT;
		};
/* End PBXGroup section */

/* Begin PBXNativeTarget section */
		3ADA19753027E4540040FC92 /* Bagged */ = {
			isa = PBXNativeTarget;
			buildConfigurationList = 3ADA19A23027E4550040FC92 /* Build configuration list for PBXNativeTarget "Bagged" */;
			buildPhases = (
				3ADA19723027E4540040FC92 /* Sources */,
				3ADA19733027E4540040FC92 /* Frameworks */,
				3ADA19743027E4540040FC92 /* Resources */,
				3ADA19A13027E4550040FC92 /* Embed Foundation Extensions */,
			);
			buildRules = (
			);
			dependencies = (
				3ADA19963027E4550040FC92 /* PBXTargetDependency */,
			);
			name = Bagged;
			packageProductDependencies = (
			);
			productName = Bagged;
			productReference = 3ADA19763027E4540040FC92 /* Bagged.app */;
			productType = "com.apple.product-type.application";
		};
		3ADA19923027E4550040FC92 /* Bagged Extension */ = {
			isa = PBXNativeTarget;
			buildConfigurationList = 3ADA199E3027E4550040FC92 /* Build configuration list for PBXNativeTarget "Bagged Extension" */;
			buildPhases = (
				3ADA198F3027E4550040FC92 /* Sources */,
				3ADA19903027E4550040FC92 /* Frameworks */,
				3ADA19913027E4550040FC92 /* Resources */,
			);
			buildRules = (
			);
			dependencies = (
			);
			name = "Bagged Extension";
			packageProductDependencies = (
			);
			productName = "Bagged Extension";
			productReference = 3ADA19933027E4550040FC92 /* Bagged Extension.appex */;
			productType = "com.apple.product-type.app-extension";
		};
/* End PBXNativeTarget section */

/* Begin PBXProject section */
		3ADA196E3027E4540040FC92 /* Project object */ = {
			isa = PBXProject;
			attributes = {
				BuildIndependentTargetsInParallel = 1;
				LastSwiftUpdateCheck = 2660;
				LastUpgradeCheck = 2660;
				TargetAttributes = {
					3ADA19753027E4540040FC92 = {
						CreatedOnToolsVersion = 26.6;
					};
					3ADA19923027E4550040FC92 = {
						CreatedOnToolsVersion = 26.6;
					};
				};
			};
			buildConfigurationList = 3ADA19713027E4540040FC92 /* Build configuration list for PBXProject "Bagged" */;
			developmentRegion = en;
			hasScannedForEncodings = 0;
			knownRegions = (
				en,
				Base,
			);
			mainGroup = 3ADA196D3027E4540040FC92;
			minimizedProjectReferenceProxies = 1;
			preferredProjectObjectVersion = 77;
			productRefGroup = 3ADA19773027E4540040FC92 /* Products */;
			projectDirPath = "";
			projectRoot = "";
			targets = (
				3ADA19753027E4540040FC92 /* Bagged */,
				3ADA19923027E4550040FC92 /* Bagged Extension */,
			);
		};
/* End PBXProject section */

/* Begin PBXResourcesBuildPhase section */
		3ADA19743027E4540040FC92 /* Resources */ = {
			isa = PBXResourcesBuildPhase;
			buildActionMask = 2147483647;
			files = (
				3ADA19803027E4540040FC92 /* Icon.png in Resources */,
				3ADA198C3027E4540040FC92 /* Main.storyboard in Resources */,
				3ADA19893027E4540040FC92 /* LaunchScreen.storyboard in Resources */,
				3ADA197E3027E4540040FC92 /* Main.html in Resources */,
				3ADA199B3027E4550040FC92 /* Assets.xcassets in Resources */,
				3ADA19823027E4540040FC92 /* Style.css in Resources */,
			);
			runOnlyForDeploymentPostprocessing = 0;
		};
		3ADA19913027E4550040FC92 /* Resources */ = {
			isa = PBXResourcesBuildPhase;
			buildActionMask = 2147483647;
			files = (
				3ADA19B13027E4550040FC92 /* content.js in Resources */,
				3ADA19AC3027E4550040FC92 /* Icon.png in Resources */,
				3ADA19AF3027E4550040FC92 /* popup.html in Resources */,
				3ADA19B03027E4550040FC92 /* manifest.json in Resources */,
				3ADA19AE3027E4550040FC92 /* background.js in Resources */,
				3ADA19AD3027E4550040FC92 /* popup.js in Resources */,
			);
			runOnlyForDeploymentPostprocessing = 0;
		};
/* End PBXResourcesBuildPhase section */

/* Begin PBXSourcesBuildPhase section */
		3ADA19723027E4540040FC92 /* Sources */ = {
			isa = PBXSourcesBuildPhase;
			buildActionMask = 2147483647;
			files = (
				3ADA19863027E4540040FC92 /* ViewController.swift in Sources */,
				3ADA197A3027E4540040FC92 /* AppDelegate.swift in Sources */,
				3ADA19843027E4540040FC92 /* SceneDelegate.swift in Sources */,
			);
			runOnlyForDeploymentPostprocessing = 0;
		};
		3ADA198F3027E4550040FC92 /* Sources */ = {
			isa = PBXSourcesBuildPhase;
			buildActionMask = 2147483647;
			files = (
				3ADA19993027E4550040FC92 /* SafariWebExtensionHandler.swift in Sources */,
			);
			runOnlyForDeploymentPostprocessing = 0;
		};
/* End PBXSourcesBuildPhase section */

/* Begin PBXTargetDependency section */
		3ADA19963027E4550040FC92 /* PBXTargetDependency */ = {
			isa = PBXTargetDependency;
			target = 3ADA19923027E4550040FC92 /* Bagged Extension */;
			targetProxy = 3ADA19953027E4550040FC92 /* PBXContainerItemProxy */;
		};
/* End PBXTargetDependency section */

/* Begin PBXVariantGroup section */
		3ADA197C3027E4540040FC92 /* Main.html */ = {
			isa = PBXVariantGroup;
			children = (
				3ADA197D3027E4540040FC92 /* Base */,
			);
			name = Main.html;
			sourceTree = "<group>";
		};
		3ADA19873027E4540040FC92 /* LaunchScreen.storyboard */ = {
			isa = PBXVariantGroup;
			children = (
				3ADA19883027E4540040FC92 /* Base */,
			);
			name = LaunchScreen.storyboard;
			sourceTree = "<group>";
		};
		3ADA198A3027E4540040FC92 /* Main.storyboard */ = {
			isa = PBXVariantGroup;
			children = (
				3ADA198B3027E4540040FC92 /* Base */,
			);
			name = Main.storyboard;
			sourceTree = "<group>";
		};
/* End PBXVariantGroup section */

/* Begin XCBuildConfiguration section */
		3ADA199C3027E4550040FC92 /* Debug */ = {
			isa = XCBuildConfiguration;
			buildSettings = {
				ALWAYS_SEARCH_USER_PATHS = NO;
				ASSETCATALOG_COMPILER_GENERATE_SWIFT_ASSET_SYMBOL_EXTENSIONS = YES;
				CLANG_ANALYZER_NONNULL = YES;
				CLANG_ANALYZER_NUMBER_OBJECT_CONVERSION = YES_AGGRESSIVE;
				CLANG_CXX_LANGUAGE_STANDARD = "gnu++20";
				CLANG_ENABLE_MODULES = YES;
				CLANG_ENABLE_OBJC_ARC = YES;
				CLANG_ENABLE_OBJC_WEAK = YES;
				CLANG_WARN_BLOCK_CAPTURE_AUTORELEASING = YES;
				CLANG_WARN_BOOL_CONVERSION = YES;
				CLANG_WARN_COMMA = YES;
				CLANG_WARN_CONSTANT_CONVERSION = YES;
				CLANG_WARN_DEPRECATED_OBJC_IMPLEMENTATIONS = YES;
				CLANG_WARN_DIRECT_OBJC_ISA_USAGE = YES_ERROR;
				CLANG_WARN_DOCUMENTATION_COMMENTS = YES;
				CLANG_WARN_EMPTY_BODY = YES;
				CLANG_WARN_ENUM_CONVERSION = YES;
				CLANG_WARN_INFINITE_RECURSION = YES;
				CLANG_WARN_INT_CONVERSION = YES;
				CLANG_WARN_NON_LITERAL_NULL_CONVERSION = YES;
				CLANG_WARN_OBJC_IMPLICIT_RETAIN_SELF = YES;
				CLANG_WARN_OBJC_LITERAL_CONVERSION = YES;
				CLANG_WARN_OBJC_ROOT_CLASS = YES_ERROR;
				CLANG_WARN_QUOTED_INCLUDE_IN_FRAMEWORK_HEADER = YES;
				CLANG_WARN_RANGE_LOOP_ANALYSIS = YES;
				CLANG_WARN_STRICT_PROTOTYPES = YES;
				CLANG_WARN_SUSPICIOUS_MOVE = YES;
				CLANG_WARN_UNGUARDED_AVAILABILITY = YES_AGGRESSIVE;
				CLANG_WARN_UNREACHABLE_CODE = YES;
				CLANG_WARN__DUPLICATE_METHOD_MATCH = YES;
				COPY_PHASE_STRIP = NO;
				DEBUG_INFORMATION_FORMAT = dwarf;
				ENABLE_STRICT_OBJC_MSGSEND = YES;
				ENABLE_TESTABILITY = YES;
				ENABLE_USER_SCRIPT_SANDBOXING = YES;
				GCC_C_LANGUAGE_STANDARD = gnu17;
				GCC_DYNAMIC_NO_PIC = NO;
				GCC_NO_COMMON_BLOCKS = YES;
				GCC_OPTIMIZATION_LEVEL = 0;
				GCC_PREPROCESSOR_DEFINITIONS = (
					"DEBUG=1",
					"$(inherited)",
				);
				GCC_WARN_64_TO_32_BIT_CONVERSION = YES;
				GCC_WARN_ABOUT_RETURN_TYPE = YES_ERROR;
				GCC_WARN_UNDECLARED_SELECTOR = YES;
				GCC_WARN_UNINITIALIZED_AUTOS = YES_AGGRESSIVE;
				GCC_WARN_UNUSED_FUNCTION = YES;
				GCC_WARN_UNUSED_VARIABLE = YES;
				IPHONEOS_DEPLOYMENT_TARGET = 26.5;
				LOCALIZATION_PREFERS_STRING_CATALOGS = YES;
				MTL_ENABLE_DEBUG_INFO = INCLUDE_SOURCE;
				MTL_FAST_MATH = YES;
				ONLY_ACTIVE_ARCH = YES;
				SDKROOT = iphoneos;
				SWIFT_ACTIVE_COMPILATION_CONDITIONS = "DEBUG $(inherited)";
				SWIFT_OPTIMIZATION_LEVEL = "-Onone";
			};
			name = Debug;
		};
		3ADA199D3027E4550040FC92 /* Release */ = {
			isa = XCBuildConfiguration;
			buildSettings = {
				ALWAYS_SEARCH_USER_PATHS = NO;
				ASSETCATALOG_COMPILER_GENERATE_SWIFT_ASSET_SYMBOL_EXTENSIONS = YES;
				CLANG_ANALYZER_NONNULL = YES;
				CLANG_ANALYZER_NUMBER_OBJECT_CONVERSION = YES_AGGRESSIVE;
				CLANG_CXX_LANGUAGE_STANDARD = "gnu++20";
				CLANG_ENABLE_MODULES = YES;
				CLANG_ENABLE_OBJC_ARC = YES;
				CLANG_ENABLE_OBJC_WEAK = YES;
				CLANG_WARN_BLOCK_CAPTURE_AUTORELEASING = YES;
				CLANG_WARN_BOOL_CONVERSION = YES;
				CLANG_WARN_COMMA = YES;
				CLANG_WARN_CONSTANT_CONVERSION = YES;
				CLANG_WARN_DEPRECATED_OBJC_IMPLEMENTATIONS = YES;
				CLANG_WARN_DIRECT_OBJC_ISA_USAGE = YES_ERROR;
				CLANG_WARN_DOCUMENTATION_COMMENTS = YES;
				CLANG_WARN_EMPTY_BODY = YES;
				CLANG_WARN_ENUM_CONVERSION = YES;
				CLANG_WARN_INFINITE_RECURSION = YES;
				CLANG_WARN_INT_CONVERSION = YES;
				CLANG_WARN_NON_LITERAL_NULL_CONVERSION = YES;
				CLANG_WARN_OBJC_IMPLICIT_RETAIN_SELF = YES;
				CLANG_WARN_OBJC_LITERAL_CONVERSION = YES;
				CLANG_WARN_OBJC_ROOT_CLASS = YES_ERROR;
				CLANG_WARN_QUOTED_INCLUDE_IN_FRAMEWORK_HEADER = YES;
				CLANG_WARN_RANGE_LOOP_ANALYSIS = YES;
				CLANG_WARN_STRICT_PROTOTYPES = YES;
				CLANG_WARN_SUSPICIOUS_MOVE = YES;
				CLANG_WARN_UNGUARDED_AVAILABILITY = YES_AGGRESSIVE;
				CLANG_WARN_UNREACHABLE_CODE = YES;
				CLANG_WARN__DUPLICATE_METHOD_MATCH = YES;
				COPY_PHASE_STRIP = NO;
				DEBUG_INFORMATION_FORMAT = "dwarf-with-dsym";
				ENABLE_NS_ASSERTIONS = NO;
				ENABLE_STRICT_OBJC_MSGSEND = YES;
				ENABLE_USER_SCRIPT_SANDBOXING = YES;
				GCC_C_LANGUAGE_STANDARD = gnu17;
				GCC_NO_COMMON_BLOCKS = YES;
				GCC_WARN_64_TO_32_BIT_CONVERSION = YES;
				GCC_WARN_ABOUT_RETURN_TYPE = YES_ERROR;
				GCC_WARN_UNDECLARED_SELECTOR = YES;
				GCC_WARN_UNINITIALIZED_AUTOS = YES_AGGRESSIVE;
				GCC_WARN_UNUSED_FUNCTION = YES;
				GCC_WARN_UNUSED_VARIABLE = YES;
				IPHONEOS_DEPLOYMENT_TARGET = 26.5;
				LOCALIZATION_PREFERS_STRING_CATALOGS = YES;
				MTL_ENABLE_DEBUG_INFO = NO;
				MTL_FAST_MATH = YES;
				SDKROOT = iphoneos;
				SWIFT_COMPILATION_MODE = wholemodule;
				VALIDATE_PRODUCT = YES;
			};
			name = Release;
		};
		3ADA199F3027E4550040FC92 /* Debug */ = {
			isa = XCBuildConfiguration;
			buildSettings = {
				CODE_SIGN_STYLE = Automatic;
				CURRENT_PROJECT_VERSION = 1;
				GENERATE_INFOPLIST_FILE = YES;
				INFOPLIST_FILE = "Bagged Extension/Info.plist";
				INFOPLIST_KEY_CFBundleDisplayName = "Bagged Extension";
				INFOPLIST_KEY_NSHumanReadableCopyright = "";
				IPHONEOS_DEPLOYMENT_TARGET = 15.0;
				LD_RUNPATH_SEARCH_PATHS = (
					"$(inherited)",
					"@executable_path/Frameworks",
					"@executable_path/../../Frameworks",
				);
				MARKETING_VERSION = 1.0;
				OTHER_LDFLAGS = (
					"-framework",
					SafariServices,
				);
				PRODUCT_BUNDLE_IDENTIFIER = com.bagged.app.Extension;
				PRODUCT_NAME = "$(TARGET_NAME)";
				SKIP_INSTALL = YES;
				STRING_CATALOG_GENERATE_SYMBOLS = YES;
				SWIFT_APPROACHABLE_CONCURRENCY = YES;
				SWIFT_EMIT_LOC_STRINGS = YES;
				SWIFT_UPCOMING_FEATURE_MEMBER_IMPORT_VISIBILITY = YES;
				SWIFT_VERSION = 5.0;
				TARGETED_DEVICE_FAMILY = "1,2";
			};
			name = Debug;
		};
		3ADA19A03027E4550040FC92 /* Release */ = {
			isa = XCBuildConfiguration;
			buildSettings = {
				CODE_SIGN_STYLE = Automatic;
				CURRENT_PROJECT_VERSION = 1;
				GENERATE_INFOPLIST_FILE = YES;
				INFOPLIST_FILE = "Bagged Extension/Info.plist";
				INFOPLIST_KEY_CFBundleDisplayName = "Bagged Extension";
				INFOPLIST_KEY_NSHumanReadableCopyright = "";
				IPHONEOS_DEPLOYMENT_TARGET = 15.0;
				LD_RUNPATH_SEARCH_PATHS = (
					"$(inherited)",
					"@executable_path/Frameworks",
					"@executable_path/../../Frameworks",
				);
				MARKETING_VERSION = 1.0;
				OTHER_LDFLAGS = (
					"-framework",
					SafariServices,
				);
				PRODUCT_BUNDLE_IDENTIFIER = com.bagged.app.Extension;
				PRODUCT_NAME = "$(TARGET_NAME)";
				SKIP_INSTALL = YES;
				STRING_CATALOG_GENERATE_SYMBOLS = YES;
				SWIFT_APPROACHABLE_CONCURRENCY = YES;
				SWIFT_EMIT_LOC_STRINGS = YES;
				SWIFT_UPCOMING_FEATURE_MEMBER_IMPORT_VISIBILITY = YES;
				SWIFT_VERSION = 5.0;
				TARGETED_DEVICE_FAMILY = "1,2";
			};
			name = Release;
		};
		3ADA19A33027E4550040FC92 /* Debug */ = {
			isa = XCBuildConfiguration;
			buildSettings = {
				ASSETCATALOG_COMPILER_APPICON_NAME = AppIcon;
				ASSETCATALOG_COMPILER_GLOBAL_ACCENT_COLOR_NAME = AccentColor;
				CODE_SIGN_STYLE = Automatic;
				CURRENT_PROJECT_VERSION = 1;
				GENERATE_INFOPLIST_FILE = YES;
				INFOPLIST_FILE = Bagged/Info.plist;
				INFOPLIST_KEY_CFBundleDisplayName = Bagged;
				INFOPLIST_KEY_UIApplicationSupportsIndirectInputEvents = YES;
				INFOPLIST_KEY_UILaunchStoryboardName = LaunchScreen;
				INFOPLIST_KEY_UIMainStoryboardFile = Main;
				INFOPLIST_KEY_UISupportedInterfaceOrientations_iPad = "UIInterfaceOrientationPortrait UIInterfaceOrientationPortraitUpsideDown UIInterfaceOrientationLandscapeLeft UIInterfaceOrientationLandscapeRight";
				INFOPLIST_KEY_UISupportedInterfaceOrientations_iPhone = "UIInterfaceOrientationPortrait UIInterfaceOrientationLandscapeLeft UIInterfaceOrientationLandscapeRight";
				IPHONEOS_DEPLOYMENT_TARGET = 15.0;
				LD_RUNPATH_SEARCH_PATHS = (
					"$(inherited)",
					"@executable_path/Frameworks",
				);
				MARKETING_VERSION = 1.0;
				OTHER_LDFLAGS = (
					"-framework",
					SafariServices,
					"-framework",
					WebKit,
				);
				PRODUCT_BUNDLE_IDENTIFIER = com.bagged.Bagged;
				PRODUCT_NAME = "$(TARGET_NAME)";
				STRING_CATALOG_GENERATE_SYMBOLS = YES;
				SWIFT_APPROACHABLE_CONCURRENCY = YES;
				SWIFT_DEFAULT_ACTOR_ISOLATION = MainActor;
				SWIFT_EMIT_LOC_STRINGS = YES;
				SWIFT_UPCOMING_FEATURE_MEMBER_IMPORT_VISIBILITY = YES;
				SWIFT_VERSION = 5.0;
				TARGETED_DEVICE_FAMILY = "1,2";
			};
			name = Debug;
		};
		3ADA19A43027E4550040FC92 /* Release */ = {
			isa = XCBuildConfiguration;
			buildSettings = {
				ASSETCATALOG_COMPILER_APPICON_NAME = AppIcon;
				ASSETCATALOG_COMPILER_GLOBAL_ACCENT_COLOR_NAME = AccentColor;
				CODE_SIGN_STYLE = Automatic;
				CURRENT_PROJECT_VERSION = 1;
				GENERATE_INFOPLIST_FILE = YES;
				INFOPLIST_FILE = Bagged/Info.plist;
				INFOPLIST_KEY_CFBundleDisplayName = Bagged;
				INFOPLIST_KEY_UIApplicationSupportsIndirectInputEvents = YES;
				INFOPLIST_KEY_UILaunchStoryboardName = LaunchScreen;
				INFOPLIST_KEY_UIMainStoryboardFile = Main;
				INFOPLIST_KEY_UISupportedInterfaceOrientations_iPad = "UIInterfaceOrientationPortrait UIInterfaceOrientationPortraitUpsideDown UIInterfaceOrientationLandscapeLeft UIInterfaceOrientationLandscapeRight";
				INFOPLIST_KEY_UISupportedInterfaceOrientations_iPhone = "UIInterfaceOrientationPortrait UIInterfaceOrientationLandscapeLeft UIInterfaceOrientationLandscapeRight";
				IPHONEOS_DEPLOYMENT_TARGET = 15.0;
				LD_RUNPATH_SEARCH_PATHS = (
					"$(inherited)",
					"@executable_path/Frameworks",
				);
				MARKETING_VERSION = 1.0;
				OTHER_LDFLAGS = (
					"-framework",
					SafariServices,
					"-framework",
					WebKit,
				);
				PRODUCT_BUNDLE_IDENTIFIER = com.bagged.Bagged;
				PRODUCT_NAME = "$(TARGET_NAME)";
				STRING_CATALOG_GENERATE_SYMBOLS = YES;
				SWIFT_APPROACHABLE_CONCURRENCY = YES;
				SWIFT_DEFAULT_ACTOR_ISOLATION = MainActor;
				SWIFT_EMIT_LOC_STRINGS = YES;
				SWIFT_UPCOMING_FEATURE_MEMBER_IMPORT_VISIBILITY = YES;
				SWIFT_VERSION = 5.0;
				TARGETED_DEVICE_FAMILY = "1,2";
			};
			name = Release;
		};
/* End XCBuildConfiguration section */

/* Begin XCConfigurationList section */
		3ADA19713027E4540040FC92 /* Build configuration list for PBXProject "Bagged" */ = {
			isa = XCConfigurationList;
			buildConfigurations = (
				3ADA199C3027E4550040FC92 /* Debug */,
				3ADA199D3027E4550040FC92 /* Release */,
			);
			defaultConfigurationIsVisible = 0;
			defaultConfigurationName = Release;
		};
		3ADA199E3027E4550040FC92 /* Build configuration list for PBXNativeTarget "Bagged Extension" */ = {
			isa = XCConfigurationList;
			buildConfigurations = (
				3ADA199F3027E4550040FC92 /* Debug */,
				3ADA19A03027E4550040FC92 /* Release */,
			);
			defaultConfigurationIsVisible = 0;
			defaultConfigurationName = Release;
		};
		3ADA19A23027E4550040FC92 /* Build configuration list for PBXNativeTarget "Bagged" */ = {
			isa = XCConfigurationList;
			buildConfigurations = (
				3ADA19A33027E4550040FC92 /* Debug */,
				3ADA19A43027E4550040FC92 /* Release */,
			);
			defaultConfigurationIsVisible = 0;
			defaultConfigurationName = Release;
		};
/* End XCConfigurationList section */
	};
	rootObject = 3ADA196E3027E4540040FC92 /* Project object */;
}
