// !$*UTF8*$!
{
	archiveVersion = 1;
	classes = {
	};
	objectVersion = 77;
	objects = {

/* Begin PBXBuildFile section */
		3AB988723027E82400B100B2 /* AppDelegate.swift in Sources */ = {isa = PBXBuildFile; fileRef = 3AB988713027E82400B100B2 /* AppDelegate.swift */; };
		3AB988763027E82400B100B2 /* Main.html in Resources */ = {isa = PBXBuildFile; fileRef = 3AB988743027E82400B100B2 /* Main.html */; };
		3AB988783027E82400B100B2 /* Icon.png in Resources */ = {isa = PBXBuildFile; fileRef = 3AB988773027E82400B100B2 /* Icon.png */; };
		3AB9887A3027E82400B100B2 /* Style.css in Resources */ = {isa = PBXBuildFile; fileRef = 3AB988793027E82400B100B2 /* Style.css */; };
		3AB9887C3027E82500B100B2 /* SceneDelegate.swift in Sources */ = {isa = PBXBuildFile; fileRef = 3AB9887B3027E82500B100B2 /* SceneDelegate.swift */; };
		3AB9887E3027E82500B100B2 /* ViewController.swift in Sources */ = {isa = PBXBuildFile; fileRef = 3AB9887D3027E82500B100B2 /* ViewController.swift */; };
		3AB988813027E82500B100B2 /* LaunchScreen.storyboard in Resources */ = {isa = PBXBuildFile; fileRef = 3AB9887F3027E82500B100B2 /* LaunchScreen.storyboard */; };
		3AB988843027E82500B100B2 /* Main.storyboard in Resources */ = {isa = PBXBuildFile; fileRef = 3AB988823027E82500B100B2 /* Main.storyboard */; };
		3AB9888C3027E82500B100B2 /* Bagged Extension.appex in Embed Foundation Extensions */ = {isa = PBXBuildFile; fileRef = 3AB9888B3027E82500B100B2 /* Bagged Extension.appex */; settings = {ATTRIBUTES = (RemoveHeadersOnCopy, ); }; };
		3AB988913027E82500B100B2 /* SafariWebExtensionHandler.swift in Sources */ = {isa = PBXBuildFile; fileRef = 3AB988903027E82500B100B2 /* SafariWebExtensionHandler.swift */; };
		3AB988933027E82500B100B2 /* Assets.xcassets in Resources */ = {isa = PBXBuildFile; fileRef = 3AB988853027E82500B100B2 /* Assets.xcassets */; };
		3AB988A43027E82500B100B2 /* Icon.png in Resources */ = {isa = PBXBuildFile; fileRef = 3AB9889E3027E82500B100B2 /* Icon.png */; };
		3AB988A53027E82500B100B2 /* popup.js in Resources */ = {isa = PBXBuildFile; fileRef = 3AB9889F3027E82500B100B2 /* popup.js */; };
		3AB988A63027E82500B100B2 /* background.js in Resources */ = {isa = PBXBuildFile; fileRef = 3AB988A03027E82500B100B2 /* background.js */; };
		3AB988A73027E82500B100B2 /* popup.html in Resources */ = {isa = PBXBuildFile; fileRef = 3AB988A13027E82500B100B2 /* popup.html */; };
		3AB988A83027E82500B100B2 /* manifest.json in Resources */ = {isa = PBXBuildFile; fileRef = 3AB988A23027E82500B100B2 /* manifest.json */; };
		3AB988A93027E82500B100B2 /* content.js in Resources */ = {isa = PBXBuildFile; fileRef = 3AB988A33027E82500B100B2 /* content.js */; };
/* End PBXBuildFile section */

/* Begin PBXContainerItemProxy section */
		3AB9888D3027E82500B100B2 /* PBXContainerItemProxy */ = {
			isa = PBXContainerItemProxy;
			containerPortal = 3AB988663027E82400B100B2 /* Project object */;
			proxyType = 1;
			remoteGlobalIDString = 3AB9888A3027E82500B100B2;
			remoteInfo = "Bagged Extension";
		};
/* End PBXContainerItemProxy section */

/* Begin PBXCopyFilesBuildPhase section */
		3AB988993027E82500B100B2 /* Embed Foundation Extensions */ = {
			isa = PBXCopyFilesBuildPhase;
			buildActionMask = 2147483647;
			dstPath = "";
			dstSubfolderSpec = 13;
			files = (
				3AB9888C3027E82500B100B2 /* Bagged Extension.appex in Embed Foundation Extensions */,
			);
			name = "Embed Foundation Extensions";
			runOnlyForDeploymentPostprocessing = 0;
		};
/* End PBXCopyFilesBuildPhase section */

/* Begin PBXFileReference section */
		3AB9886E3027E82400B100B2 /* Bagged.app */ = {isa = PBXFileReference; explicitFileType = wrapper.application; includeInIndex = 0; path = Bagged.app; sourceTree = BUILT_PRODUCTS_DIR; };
		3AB988713027E82400B100B2 /* AppDelegate.swift */ = {isa = PBXFileReference; lastKnownFileType = sourcecode.swift; path = AppDelegate.swift; sourceTree = "<group>"; };
		3AB988753027E82400B100B2 /* Base */ = {isa = PBXFileReference; lastKnownFileType = text.html; name = Base; path = Base.lproj/Main.html; sourceTree = "<group>"; };
		3AB988773027E82400B100B2 /* Icon.png */ = {isa = PBXFileReference; lastKnownFileType = image.png; path = Icon.png; sourceTree = "<group>"; };
		3AB988793027E82400B100B2 /* Style.css */ = {isa = PBXFileReference; lastKnownFileType = text.css; path = Style.css; sourceTree = "<group>"; };
		3AB9887B3027E82500B100B2 /* SceneDelegate.swift */ = {isa = PBXFileReference; lastKnownFileType = sourcecode.swift; path = SceneDelegate.swift; sourceTree = "<group>"; };
		3AB9887D3027E82500B100B2 /* ViewController.swift */ = {isa = PBXFileReference; lastKnownFileType = sourcecode.swift; path = ViewController.swift; sourceTree = "<group>"; };
		3AB988803027E82500B100B2 /* Base */ = {isa = PBXFileReference; lastKnownFileType = file.storyboard; name = Base; path = Base.lproj/LaunchScreen.storyboard; sourceTree = "<group>"; };
		3AB988833027E82500B100B2 /* Base */ = {isa = PBXFileReference; lastKnownFileType = file.storyboard; name = Base; path = Base.lproj/Main.storyboard; sourceTree = "<group>"; };
		3AB988853027E82500B100B2 /* Assets.xcassets */ = {isa = PBXFileReference; lastKnownFileType = folder.assetcatalog; path = Assets.xcassets; sourceTree = "<group>"; };
		3AB988863027E82500B100B2 /* Info.plist */ = {isa = PBXFileReference; lastKnownFileType = text.plist.xml; path = Info.plist; sourceTree = "<group>"; };
		3AB9888B3027E82500B100B2 /* Bagged Extension.appex */ = {isa = PBXFileReference; explicitFileType = "wrapper.app-extension"; includeInIndex = 0; path = "Bagged Extension.appex"; sourceTree = BUILT_PRODUCTS_DIR; };
		3AB988903027E82500B100B2 /* SafariWebExtensionHandler.swift */ = {isa = PBXFileReference; lastKnownFileType = sourcecode.swift; path = SafariWebExtensionHandler.swift; sourceTree = "<group>"; };
		3AB988923027E82500B100B2 /* Info.plist */ = {isa = PBXFileReference; lastKnownFileType = text.plist.xml; path = Info.plist; sourceTree = "<group>"; };
		3AB9889E3027E82500B100B2 /* Icon.png */ = {isa = PBXFileReference; lastKnownFileType = image.png; name = Icon.png; path = ../../extension/Icon.png; sourceTree = "<group>"; };
		3AB9889F3027E82500B100B2 /* popup.js */ = {isa = PBXFileReference; lastKnownFileType = sourcecode.javascript; name = popup.js; path = ../../extension/popup.js; sourceTree = "<group>"; };
		3AB988A03027E82500B100B2 /* background.js */ = {isa = PBXFileReference; lastKnownFileType = sourcecode.javascript; name = background.js; path = ../../extension/background.js; sourceTree = "<group>"; };
		3AB988A13027E82500B100B2 /* popup.html */ = {isa = PBXFileReference; lastKnownFileType = text.html; name = popup.html; path = ../../extension/popup.html; sourceTree = "<group>"; };
		3AB988A23027E82500B100B2 /* manifest.json */ = {isa = PBXFileReference; lastKnownFileType = text.json; name = manifest.json; path = ../../extension/manifest.json; sourceTree = "<group>"; };
		3AB988A33027E82500B100B2 /* content.js */ = {isa = PBXFileReference; lastKnownFileType = sourcecode.javascript; name = content.js; path = ../../extension/content.js; sourceTree = "<group>"; };
/* End PBXFileReference section */

/* Begin PBXFrameworksBuildPhase section */
		3AB9886B3027E82400B100B2 /* Frameworks */ = {
			isa = PBXFrameworksBuildPhase;
			buildActionMask = 2147483647;
			files = (
			);
			runOnlyForDeploymentPostprocessing = 0;
		};
		3AB988883027E82500B100B2 /* Frameworks */ = {
			isa = PBXFrameworksBuildPhase;
			buildActionMask = 2147483647;
			files = (
			);
			runOnlyForDeploymentPostprocessing = 0;
		};
/* End PBXFrameworksBuildPhase section */

/* Begin PBXGroup section */
		3AB988653027E82400B100B2 = {
			isa = PBXGroup;
			children = (
				3AB988703027E82400B100B2 /* Bagged */,
				3AB9888F3027E82500B100B2 /* Bagged Extension */,
				3AB9886F3027E82400B100B2 /* Products */,
			);
			sourceTree = "<group>";
		};
		3AB9886F3027E82400B100B2 /* Products */ = {
			isa = PBXGroup;
			children = (
				3AB9886E3027E82400B100B2 /* Bagged.app */,
				3AB9888B3027E82500B100B2 /* Bagged Extension.appex */,
			);
			name = Products;
			sourceTree = "<group>";
		};
		3AB988703027E82400B100B2 /* Bagged */ = {
			isa = PBXGroup;
			children = (
				3AB988713027E82400B100B2 /* AppDelegate.swift */,
				3AB9887B3027E82500B100B2 /* SceneDelegate.swift */,
				3AB9887D3027E82500B100B2 /* ViewController.swift */,
				3AB9887F3027E82500B100B2 /* LaunchScreen.storyboard */,
				3AB988823027E82500B100B2 /* Main.storyboard */,
				3AB988853027E82500B100B2 /* Assets.xcassets */,
				3AB988863027E82500B100B2 /* Info.plist */,
				3AB988733027E82400B100B2 /* Resources */,
			);
			path = Bagged;
			sourceTree = "<group>";
		};
		3AB988733027E82400B100B2 /* Resources */ = {
			isa = PBXGroup;
			children = (
				3AB988743027E82400B100B2 /* Main.html */,
				3AB988773027E82400B100B2 /* Icon.png */,
				3AB988793027E82400B100B2 /* Style.css */,
			);
			path = Resources;
			sourceTree = "<group>";
		};
		3AB9888F3027E82500B100B2 /* Bagged Extension */ = {
			isa = PBXGroup;
			children = (
				3AB9889D3027E82500B100B2 /* Resources */,
				3AB988903027E82500B100B2 /* SafariWebExtensionHandler.swift */,
				3AB988923027E82500B100B2 /* Info.plist */,
			);
			path = "Bagged Extension";
			sourceTree = "<group>";
		};
		3AB9889D3027E82500B100B2 /* Resources */ = {
			isa = PBXGroup;
			children = (
				3AB9889E3027E82500B100B2 /* Icon.png */,
				3AB9889F3027E82500B100B2 /* popup.js */,
				3AB988A03027E82500B100B2 /* background.js */,
				3AB988A13027E82500B100B2 /* popup.html */,
				3AB988A23027E82500B100B2 /* manifest.json */,
				3AB988A33027E82500B100B2 /* content.js */,
			);
			name = Resources;
			path = "Bagged Extension";
			sourceTree = SOURCE_ROOT;
		};
/* End PBXGroup section */

/* Begin PBXNativeTarget section */
		3AB9886D3027E82400B100B2 /* Bagged */ = {
			isa = PBXNativeTarget;
			buildConfigurationList = 3AB9889A3027E82500B100B2 /* Build configuration list for PBXNativeTarget "Bagged" */;
			buildPhases = (
				3AB9886A3027E82400B100B2 /* Sources */,
				3AB9886B3027E82400B100B2 /* Frameworks */,
				3AB9886C3027E82400B100B2 /* Resources */,
				3AB988993027E82500B100B2 /* Embed Foundation Extensions */,
			);
			buildRules = (
			);
			dependencies = (
				3AB9888E3027E82500B100B2 /* PBXTargetDependency */,
			);
			name = Bagged;
			packageProductDependencies = (
			);
			productName = Bagged;
			productReference = 3AB9886E3027E82400B100B2 /* Bagged.app */;
			productType = "com.apple.product-type.application";
		};
		3AB9888A3027E82500B100B2 /* Bagged Extension */ = {
			isa = PBXNativeTarget;
			buildConfigurationList = 3AB988963027E82500B100B2 /* Build configuration list for PBXNativeTarget "Bagged Extension" */;
			buildPhases = (
				3AB988873027E82500B100B2 /* Sources */,
				3AB988883027E82500B100B2 /* Frameworks */,
				3AB988893027E82500B100B2 /* Resources */,
			);
			buildRules = (
			);
			dependencies = (
			);
			name = "Bagged Extension";
			packageProductDependencies = (
			);
			productName = "Bagged Extension";
			productReference = 3AB9888B3027E82500B100B2 /* Bagged Extension.appex */;
			productType = "com.apple.product-type.app-extension";
		};
/* End PBXNativeTarget section */

/* Begin PBXProject section */
		3AB988663027E82400B100B2 /* Project object */ = {
			isa = PBXProject;
			attributes = {
				BuildIndependentTargetsInParallel = 1;
				LastSwiftUpdateCheck = 2660;
				LastUpgradeCheck = 2660;
				TargetAttributes = {
					3AB9886D3027E82400B100B2 = {
						CreatedOnToolsVersion = 26.6;
					};
					3AB9888A3027E82500B100B2 = {
						CreatedOnToolsVersion = 26.6;
					};
				};
			};
			buildConfigurationList = 3AB988693027E82400B100B2 /* Build configuration list for PBXProject "Bagged" */;
			developmentRegion = en;
			hasScannedForEncodings = 0;
			knownRegions = (
				en,
				Base,
			);
			mainGroup = 3AB988653027E82400B100B2;
			minimizedProjectReferenceProxies = 1;
			preferredProjectObjectVersion = 77;
			productRefGroup = 3AB9886F3027E82400B100B2 /* Products */;
			projectDirPath = "";
			projectRoot = "";
			targets = (
				3AB9886D3027E82400B100B2 /* Bagged */,
				3AB9888A3027E82500B100B2 /* Bagged Extension */,
			);
		};
/* End PBXProject section */

/* Begin PBXResourcesBuildPhase section */
		3AB9886C3027E82400B100B2 /* Resources */ = {
			isa = PBXResourcesBuildPhase;
			buildActionMask = 2147483647;
			files = (
				3AB988783027E82400B100B2 /* Icon.png in Resources */,
				3AB988843027E82500B100B2 /* Main.storyboard in Resources */,
				3AB988813027E82500B100B2 /* LaunchScreen.storyboard in Resources */,
				3AB988763027E82400B100B2 /* Main.html in Resources */,
				3AB988933027E82500B100B2 /* Assets.xcassets in Resources */,
				3AB9887A3027E82400B100B2 /* Style.css in Resources */,
			);
			runOnlyForDeploymentPostprocessing = 0;
		};
		3AB988893027E82500B100B2 /* Resources */ = {
			isa = PBXResourcesBuildPhase;
			buildActionMask = 2147483647;
			files = (
				3AB988A93027E82500B100B2 /* content.js in Resources */,
				3AB988A43027E82500B100B2 /* Icon.png in Resources */,
				3AB988A73027E82500B100B2 /* popup.html in Resources */,
				3AB988A83027E82500B100B2 /* manifest.json in Resources */,
				3AB988A63027E82500B100B2 /* background.js in Resources */,
				3AB988A53027E82500B100B2 /* popup.js in Resources */,
			);
			runOnlyForDeploymentPostprocessing = 0;
		};
/* End PBXResourcesBuildPhase section */

/* Begin PBXSourcesBuildPhase section */
		3AB9886A3027E82400B100B2 /* Sources */ = {
			isa = PBXSourcesBuildPhase;
			buildActionMask = 2147483647;
			files = (
				3AB9887E3027E82500B100B2 /* ViewController.swift in Sources */,
				3AB988723027E82400B100B2 /* AppDelegate.swift in Sources */,
				3AB9887C3027E82500B100B2 /* SceneDelegate.swift in Sources */,
			);
			runOnlyForDeploymentPostprocessing = 0;
		};
		3AB988873027E82500B100B2 /* Sources */ = {
			isa = PBXSourcesBuildPhase;
			buildActionMask = 2147483647;
			files = (
				3AB988913027E82500B100B2 /* SafariWebExtensionHandler.swift in Sources */,
			);
			runOnlyForDeploymentPostprocessing = 0;
		};
/* End PBXSourcesBuildPhase section */

/* Begin PBXTargetDependency section */
		3AB9888E3027E82500B100B2 /* PBXTargetDependency */ = {
			isa = PBXTargetDependency;
			target = 3AB9888A3027E82500B100B2 /* Bagged Extension */;
			targetProxy = 3AB9888D3027E82500B100B2 /* PBXContainerItemProxy */;
		};
/* End PBXTargetDependency section */

/* Begin PBXVariantGroup section */
		3AB988743027E82400B100B2 /* Main.html */ = {
			isa = PBXVariantGroup;
			children = (
				3AB988753027E82400B100B2 /* Base */,
			);
			name = Main.html;
			sourceTree = "<group>";
		};
		3AB9887F3027E82500B100B2 /* LaunchScreen.storyboard */ = {
			isa = PBXVariantGroup;
			children = (
				3AB988803027E82500B100B2 /* Base */,
			);
			name = LaunchScreen.storyboard;
			sourceTree = "<group>";
		};
		3AB988823027E82500B100B2 /* Main.storyboard */ = {
			isa = PBXVariantGroup;
			children = (
				3AB988833027E82500B100B2 /* Base */,
			);
			name = Main.storyboard;
			sourceTree = "<group>";
		};
/* End PBXVariantGroup section */

/* Begin XCBuildConfiguration section */
		3AB988943027E82500B100B2 /* Debug */ = {
			isa = XCBuildConfiguration;
			buildSettings = {
				ALWAYS_SEARCH_USER_PATHS = NO;
				ASSETCATALOG_COMPILER_GENERATE_SWIFT_ASSET_SYMBOL_EXTENSIONS = YES;
				CLANG_ANALYZER_NONNULL = YES;
				CLANG_ANALYZER_NUMBER_OBJECT_CONVERSION = YES_AGGRESSIVE;
				CLANG_CXX_LANGUAGE_STANDARD = "gnu++20";
				CLANG_ENABLE_MODULES = YES;
				CLANG_ENABLE_OBJC_ARC = YES;
				CLANG_ENABLE_OBJC_WEAK = YES;
				CLANG_WARN_BLOCK_CAPTURE_AUTORELEASING = YES;
				CLANG_WARN_BOOL_CONVERSION = YES;
				CLANG_WARN_COMMA = YES;
				CLANG_WARN_CONSTANT_CONVERSION = YES;
				CLANG_WARN_DEPRECATED_OBJC_IMPLEMENTATIONS = YES;
				CLANG_WARN_DIRECT_OBJC_ISA_USAGE = YES_ERROR;
				CLANG_WARN_DOCUMENTATION_COMMENTS = YES;
				CLANG_WARN_EMPTY_BODY = YES;
				CLANG_WARN_ENUM_CONVERSION = YES;
				CLANG_WARN_INFINITE_RECURSION = YES;
				CLANG_WARN_INT_CONVERSION = YES;
				CLANG_WARN_NON_LITERAL_NULL_CONVERSION = YES;
				CLANG_WARN_OBJC_IMPLICIT_RETAIN_SELF = YES;
				CLANG_WARN_OBJC_LITERAL_CONVERSION = YES;
				CLANG_WARN_OBJC_ROOT_CLASS = YES_ERROR;
				CLANG_WARN_QUOTED_INCLUDE_IN_FRAMEWORK_HEADER = YES;
				CLANG_WARN_RANGE_LOOP_ANALYSIS = YES;
				CLANG_WARN_STRICT_PROTOTYPES = YES;
				CLANG_WARN_SUSPICIOUS_MOVE = YES;
				CLANG_WARN_UNGUARDED_AVAILABILITY = YES_AGGRESSIVE;
				CLANG_WARN_UNREACHABLE_CODE = YES;
				CLANG_WARN__DUPLICATE_METHOD_MATCH = YES;
				COPY_PHASE_STRIP = NO;
				DEBUG_INFORMATION_FORMAT = dwarf;
				ENABLE_STRICT_OBJC_MSGSEND = YES;
				ENABLE_TESTABILITY = YES;
				ENABLE_USER_SCRIPT_SANDBOXING = YES;
				GCC_C_LANGUAGE_STANDARD = gnu17;
				GCC_DYNAMIC_NO_PIC = NO;
				GCC_NO_COMMON_BLOCKS = YES;
				GCC_OPTIMIZATION_LEVEL = 0;
				GCC_PREPROCESSOR_DEFINITIONS = (
					"DEBUG=1",
					"$(inherited)",
				);
				GCC_WARN_64_TO_32_BIT_CONVERSION = YES;
				GCC_WARN_ABOUT_RETURN_TYPE = YES_ERROR;
				GCC_WARN_UNDECLARED_SELECTOR = YES;
				GCC_WARN_UNINITIALIZED_AUTOS = YES_AGGRESSIVE;
				GCC_WARN_UNUSED_FUNCTION = YES;
				GCC_WARN_UNUSED_VARIABLE = YES;
				IPHONEOS_DEPLOYMENT_TARGET = 26.5;
				LOCALIZATION_PREFERS_STRING_CATALOGS = YES;
				MTL_ENABLE_DEBUG_INFO = INCLUDE_SOURCE;
				MTL_FAST_MATH = YES;
				ONLY_ACTIVE_ARCH = YES;
				SDKROOT = iphoneos;
				SWIFT_ACTIVE_COMPILATION_CONDITIONS = "DEBUG $(inherited)";
				SWIFT_OPTIMIZATION_LEVEL = "-Onone";
			};
			name = Debug;
		};
		3AB988953027E82500B100B2 /* Release */ = {
			isa = XCBuildConfiguration;
			buildSettings = {
				ALWAYS_SEARCH_USER_PATHS = NO;
				ASSETCATALOG_COMPILER_GENERATE_SWIFT_ASSET_SYMBOL_EXTENSIONS = YES;
				CLANG_ANALYZER_NONNULL = YES;
				CLANG_ANALYZER_NUMBER_OBJECT_CONVERSION = YES_AGGRESSIVE;
				CLANG_CXX_LANGUAGE_STANDARD = "gnu++20";
				CLANG_ENABLE_MODULES = YES;
				CLANG_ENABLE_OBJC_ARC = YES;
				CLANG_ENABLE_OBJC_WEAK = YES;
				CLANG_WARN_BLOCK_CAPTURE_AUTORELEASING = YES;
				CLANG_WARN_BOOL_CONVERSION = YES;
				CLANG_WARN_COMMA = YES;
				CLANG_WARN_CONSTANT_CONVERSION = YES;
				CLANG_WARN_DEPRECATED_OBJC_IMPLEMENTATIONS = YES;
				CLANG_WARN_DIRECT_OBJC_ISA_USAGE = YES_ERROR;
				CLANG_WARN_DOCUMENTATION_COMMENTS = YES;
				CLANG_WARN_EMPTY_BODY = YES;
				CLANG_WARN_ENUM_CONVERSION = YES;
				CLANG_WARN_INFINITE_RECURSION = YES;
				CLANG_WARN_INT_CONVERSION = YES;
				CLANG_WARN_NON_LITERAL_NULL_CONVERSION = YES;
				CLANG_WARN_OBJC_IMPLICIT_RETAIN_SELF = YES;
				CLANG_WARN_OBJC_LITERAL_CONVERSION = YES;
				CLANG_WARN_OBJC_ROOT_CLASS = YES_ERROR;
				CLANG_WARN_QUOTED_INCLUDE_IN_FRAMEWORK_HEADER = YES;
				CLANG_WARN_RANGE_LOOP_ANALYSIS = YES;
				CLANG_WARN_STRICT_PROTOTYPES = YES;
				CLANG_WARN_SUSPICIOUS_MOVE = YES;
				CLANG_WARN_UNGUARDED_AVAILABILITY = YES_AGGRESSIVE;
				CLANG_WARN_UNREACHABLE_CODE = YES;
				CLANG_WARN__DUPLICATE_METHOD_MATCH = YES;
				COPY_PHASE_STRIP = NO;
				DEBUG_INFORMATION_FORMAT = "dwarf-with-dsym";
				ENABLE_NS_ASSERTIONS = NO;
				ENABLE_STRICT_OBJC_MSGSEND = YES;
				ENABLE_USER_SCRIPT_SANDBOXING = YES;
				GCC_C_LANGUAGE_STANDARD = gnu17;
				GCC_NO_COMMON_BLOCKS = YES;
				GCC_WARN_64_TO_32_BIT_CONVERSION = YES;
				GCC_WARN_ABOUT_RETURN_TYPE = YES_ERROR;
				GCC_WARN_UNDECLARED_SELECTOR = YES;
				GCC_WARN_UNINITIALIZED_AUTOS = YES_AGGRESSIVE;
				GCC_WARN_UNUSED_FUNCTION = YES;
				GCC_WARN_UNUSED_VARIABLE = YES;
				IPHONEOS_DEPLOYMENT_TARGET = 26.5;
				LOCALIZATION_PREFERS_STRING_CATALOGS = YES;
				MTL_ENABLE_DEBUG_INFO = NO;
				MTL_FAST_MATH = YES;
				SDKROOT = iphoneos;
				SWIFT_COMPILATION_MODE = wholemodule;
				VALIDATE_PRODUCT = YES;
			};
			name = Release;
		};
		3AB988973027E82500B100B2 /* Debug */ = {
			isa = XCBuildConfiguration;
			buildSettings = {
				CODE_SIGN_STYLE = Automatic;
				CURRENT_PROJECT_VERSION = 1;
				GENERATE_INFOPLIST_FILE = YES;
				INFOPLIST_FILE = "Bagged Extension/Info.plist";
				INFOPLIST_KEY_CFBundleDisplayName = "Bagged Extension";
				INFOPLIST_KEY_NSHumanReadableCopyright = "";
				IPHONEOS_DEPLOYMENT_TARGET = 15.0;
				LD_RUNPATH_SEARCH_PATHS = (
					"$(inherited)",
					"@executable_path/Frameworks",
					"@executable_path/../../Frameworks",
				);
				MARKETING_VERSION = 1.0;
				OTHER_LDFLAGS = (
					"-framework",
					SafariServices,
				);
				PRODUCT_BUNDLE_IDENTIFIER = com.bagged.app.Extension;
				PRODUCT_NAME = "$(TARGET_NAME)";
				SKIP_INSTALL = YES;
				STRING_CATALOG_GENERATE_SYMBOLS = YES;
				SWIFT_APPROACHABLE_CONCURRENCY = YES;
				SWIFT_EMIT_LOC_STRINGS = YES;
				SWIFT_UPCOMING_FEATURE_MEMBER_IMPORT_VISIBILITY = YES;
				SWIFT_VERSION = 5.0;
				TARGETED_DEVICE_FAMILY = "1,2";
			};
			name = Debug;
		};
		3AB988983027E82500B100B2 /* Release */ = {
			isa = XCBuildConfiguration;
			buildSettings = {
				CODE_SIGN_STYLE = Automatic;
				CURRENT_PROJECT_VERSION = 1;
				GENERATE_INFOPLIST_FILE = YES;
				INFOPLIST_FILE = "Bagged Extension/Info.plist";
				INFOPLIST_KEY_CFBundleDisplayName = "Bagged Extension";
				INFOPLIST_KEY_NSHumanReadableCopyright = "";
				IPHONEOS_DEPLOYMENT_TARGET = 15.0;
				LD_RUNPATH_SEARCH_PATHS = (
					"$(inherited)",
					"@executable_path/Frameworks",
					"@executable_path/../../Frameworks",
				);
				MARKETING_VERSION = 1.0;
				OTHER_LDFLAGS = (
					"-framework",
					SafariServices,
				);
				PRODUCT_BUNDLE_IDENTIFIER = com.bagged.app.Extension;
				PRODUCT_NAME = "$(TARGET_NAME)";
				SKIP_INSTALL = YES;
				STRING_CATALOG_GENERATE_SYMBOLS = YES;
				SWIFT_APPROACHABLE_CONCURRENCY = YES;
				SWIFT_EMIT_LOC_STRINGS = YES;
				SWIFT_UPCOMING_FEATURE_MEMBER_IMPORT_VISIBILITY = YES;
				SWIFT_VERSION = 5.0;
				TARGETED_DEVICE_FAMILY = "1,2";
			};
			name = Release;
		};
		3AB9889B3027E82500B100B2 /* Debug */ = {
			isa = XCBuildConfiguration;
			buildSettings = {
				ASSETCATALOG_COMPILER_APPICON_NAME = AppIcon;
				ASSETCATALOG_COMPILER_GLOBAL_ACCENT_COLOR_NAME = AccentColor;
				CODE_SIGN_STYLE = Automatic;
				CURRENT_PROJECT_VERSION = 1;
				GENERATE_INFOPLIST_FILE = YES;
				INFOPLIST_FILE = Bagged/Info.plist;
				INFOPLIST_KEY_CFBundleDisplayName = Bagged;
				INFOPLIST_KEY_UIApplicationSupportsIndirectInputEvents = YES;
				INFOPLIST_KEY_UILaunchStoryboardName = LaunchScreen;
				INFOPLIST_KEY_UIMainStoryboardFile = Main;
				INFOPLIST_KEY_UISupportedInterfaceOrientations_iPad = "UIInterfaceOrientationPortrait UIInterfaceOrientationPortraitUpsideDown UIInterfaceOrientationLandscapeLeft UIInterfaceOrientationLandscapeRight";
				INFOPLIST_KEY_UISupportedInterfaceOrientations_iPhone = "UIInterfaceOrientationPortrait UIInterfaceOrientationLandscapeLeft UIInterfaceOrientationLandscapeRight";
				IPHONEOS_DEPLOYMENT_TARGET = 15.0;
				LD_RUNPATH_SEARCH_PATHS = (
					"$(inherited)",
					"@executable_path/Frameworks",
				);
				MARKETING_VERSION = 1.0;
				OTHER_LDFLAGS = (
					"-framework",
					SafariServices,
					"-framework",
					WebKit,
				);
				PRODUCT_BUNDLE_IDENTIFIER = com.bagged.Bagged;
				PRODUCT_NAME = "$(TARGET_NAME)";
				STRING_CATALOG_GENERATE_SYMBOLS = YES;
				SWIFT_APPROACHABLE_CONCURRENCY = YES;
				SWIFT_DEFAULT_ACTOR_ISOLATION = MainActor;
				SWIFT_EMIT_LOC_STRINGS = YES;
				SWIFT_UPCOMING_FEATURE_MEMBER_IMPORT_VISIBILITY = YES;
				SWIFT_VERSION = 5.0;
				TARGETED_DEVICE_FAMILY = "1,2";
			};
			name = Debug;
		};
		3AB9889C3027E82500B100B2 /* Release */ = {
			isa = XCBuildConfiguration;
			buildSettings = {
				ASSETCATALOG_COMPILER_APPICON_NAME = AppIcon;
				ASSETCATALOG_COMPILER_GLOBAL_ACCENT_COLOR_NAME = AccentColor;
				CODE_SIGN_STYLE = Automatic;
				CURRENT_PROJECT_VERSION = 1;
				GENERATE_INFOPLIST_FILE = YES;
				INFOPLIST_FILE = Bagged/Info.plist;
				INFOPLIST_KEY_CFBundleDisplayName = Bagged;
				INFOPLIST_KEY_UIApplicationSupportsIndirectInputEvents = YES;
				INFOPLIST_KEY_UILaunchStoryboardName = LaunchScreen;
				INFOPLIST_KEY_UIMainStoryboardFile = Main;
				INFOPLIST_KEY_UISupportedInterfaceOrientations_iPad = "UIInterfaceOrientationPortrait UIInterfaceOrientationPortraitUpsideDown UIInterfaceOrientationLandscapeLeft UIInterfaceOrientationLandscapeRight";
				INFOPLIST_KEY_UISupportedInterfaceOrientations_iPhone = "UIInterfaceOrientationPortrait UIInterfaceOrientationLandscapeLeft UIInterfaceOrientationLandscapeRight";
				IPHONEOS_DEPLOYMENT_TARGET = 15.0;
				LD_RUNPATH_SEARCH_PATHS = (
					"$(inherited)",
					"@executable_path/Frameworks",
				);
				MARKETING_VERSION = 1.0;
				OTHER_LDFLAGS = (
					"-framework",
					SafariServices,
					"-framework",
					WebKit,
				);
				PRODUCT_BUNDLE_IDENTIFIER = com.bagged.Bagged;
				PRODUCT_NAME = "$(TARGET_NAME)";
				STRING_CATALOG_GENERATE_SYMBOLS = YES;
				SWIFT_APPROACHABLE_CONCURRENCY = YES;
				SWIFT_DEFAULT_ACTOR_ISOLATION = MainActor;
				SWIFT_EMIT_LOC_STRINGS = YES;
				SWIFT_UPCOMING_FEATURE_MEMBER_IMPORT_VISIBILITY = YES;
				SWIFT_VERSION = 5.0;
				TARGETED_DEVICE_FAMILY = "1,2";
			};
			name = Release;
		};
/* End XCBuildConfiguration section */

/* Begin XCConfigurationList section */
		3AB988693027E82400B100B2 /* Build configuration list for PBXProject "Bagged" */ = {
			isa = XCConfigurationList;
			buildConfigurations = (
				3AB988943027E82500B100B2 /* Debug */,
				3AB988953027E82500B100B2 /* Release */,
			);
			defaultConfigurationIsVisible = 0;
			defaultConfigurationName = Release;
		};
		3AB988963027E82500B100B2 /* Build configuration list for PBXNativeTarget "Bagged Extension" */ = {
			isa = XCConfigurationList;
			buildConfigurations = (
				3AB988973027E82500B100B2 /* Debug */,
				3AB988983027E82500B100B2 /* Release */,
			);
			defaultConfigurationIsVisible = 0;
			defaultConfigurationName = Release;
		};
		3AB9889A3027E82500B100B2 /* Build configuration list for PBXNativeTarget "Bagged" */ = {
			isa = XCConfigurationList;
			buildConfigurations = (
				3AB9889B3027E82500B100B2 /* Debug */,
				3AB9889C3027E82500B100B2 /* Release */,
			);
			defaultConfigurationIsVisible = 0;
			defaultConfigurationName = Release;
		};
/* End XCConfigurationList section */
	};
	rootObject = 3AB988663027E82400B100B2 /* Project object */;
}
